// !$*UTF8*$!
{
	archiveVersion = 1;
	classes = {
	};
	objectVersion = 60;
	objects = {

/* Begin PBXBuildFile section */
		2E090EC52B12EF2600BAE982 /* Publishers.swift in Sources */ = {isa = PBXBuildFile; fileRef = 2E090EC42B12EF2600BAE982 /* Publishers.swift */; };
		2E090EC82B12FBB300BAE982 /* Gym.swift in Sources */ = {isa = PBXBuildFile; fileRef = 2E090EC72B12FBB300BAE982 /* Gym.swift */; };
		2E090ECB2B12FF5900BAE982 /* UpliftAPI in Frameworks */ = {isa = PBXBuildFile; productRef = 2E090ECA2B12FF5900BAE982 /* UpliftAPI */; };
		2E3D6C202B1285D200B51BB2 /* Environment.swift in Sources */ = {isa = PBXBuildFile; fileRef = 2E3D6C1F2B1285D200B51BB2 /* Environment.swift */; };
		2E8FE3902B1278B700B3DC6A /* UpliftApp.swift in Sources */ = {isa = PBXBuildFile; fileRef = 2E8FE38F2B1278B700B3DC6A /* UpliftApp.swift */; };
		2E8FE3922B1278B700B3DC6A /* ContentView.swift in Sources */ = {isa = PBXBuildFile; fileRef = 2E8FE3912B1278B700B3DC6A /* ContentView.swift */; };
		2E8FE3962B1278B900B3DC6A /* Assets.xcassets in Resources */ = {isa = PBXBuildFile; fileRef = 2E8FE3952B1278B900B3DC6A /* Assets.xcassets */; };
		2E8FE3992B1278B900B3DC6A /* Preview Assets.xcassets in Resources */ = {isa = PBXBuildFile; fileRef = 2E8FE3982B1278B900B3DC6A /* Preview Assets.xcassets */; };
		2EE0C7CB2B12D6EE000D3BF6 /* GymQueries.graphql in Resources */ = {isa = PBXBuildFile; fileRef = 2EE0C7CA2B12D6EE000D3BF6 /* GymQueries.graphql */; };
		2EE5F3C82B12E094008E0299 /* ApolloClientProtocol.swift in Sources */ = {isa = PBXBuildFile; fileRef = 2EE5F3C72B12E094008E0299 /* ApolloClientProtocol.swift */; };
		2EE5F3E22B12EDB6008E0299 /* Apollo in Frameworks */ = {isa = PBXBuildFile; productRef = 2EE5F3E12B12EDB6008E0299 /* Apollo */; };
		2EE5F3E42B12EDB6008E0299 /* ApolloAPI in Frameworks */ = {isa = PBXBuildFile; productRef = 2EE5F3E32B12EDB6008E0299 /* ApolloAPI */; };
		2EE5F3E72B12EDC1008E0299 /* Nuke in Frameworks */ = {isa = PBXBuildFile; productRef = 2EE5F3E62B12EDC1008E0299 /* Nuke */; };
		2EE5F3E92B12EDC1008E0299 /* NukeExtensions in Frameworks */ = {isa = PBXBuildFile; productRef = 2EE5F3E82B12EDC1008E0299 /* NukeExtensions */; };
		2EE5F3EB2B12EDC1008E0299 /* NukeUI in Frameworks */ = {isa = PBXBuildFile; productRef = 2EE5F3EA2B12EDC1008E0299 /* NukeUI */; };
		2EF1A2582B129EEB007A299F /* Network.swift in Sources */ = {isa = PBXBuildFile; fileRef = 2EF1A2572B129EEB007A299F /* Network.swift */; };
		842FB0CCD71C3202DE5836F1 /* Pods_Uplift.framework in Frameworks */ = {isa = PBXBuildFile; fileRef = E86AC23F1B9AFB11552390BF /* Pods_Uplift.framework */; };
/* End PBXBuildFile section */

/* Begin PBXFileReference section */
		2E090EC42B12EF2600BAE982 /* Publishers.swift */ = {isa = PBXFileReference; lastKnownFileType = sourcecode.swift; path = Publishers.swift; sourceTree = "<group>"; };
		2E090EC72B12FBB300BAE982 /* Gym.swift */ = {isa = PBXFileReference; lastKnownFileType = sourcecode.swift; path = Gym.swift; sourceTree = "<group>"; };
		2E3D6C1C2B12809900B51BB2 /* Keys.xcconfig */ = {isa = PBXFileReference; lastKnownFileType = text.xcconfig; path = Keys.xcconfig; sourceTree = "<group>"; };
		2E3D6C1D2B12840C00B51BB2 /* Info.plist */ = {isa = PBXFileReference; lastKnownFileType = text.plist.xml; path = Info.plist; sourceTree = "<group>"; };
		2E3D6C1F2B1285D200B51BB2 /* Environment.swift */ = {isa = PBXFileReference; lastKnownFileType = sourcecode.swift; path = Environment.swift; sourceTree = "<group>"; };
		2E8FE38C2B1278B700B3DC6A /* Uplift.app */ = {isa = PBXFileReference; explicitFileType = wrapper.application; includeInIndex = 0; path = Uplift.app; sourceTree = BUILT_PRODUCTS_DIR; };
		2E8FE38F2B1278B700B3DC6A /* UpliftApp.swift */ = {isa = PBXFileReference; lastKnownFileType = sourcecode.swift; path = UpliftApp.swift; sourceTree = "<group>"; };
		2E8FE3912B1278B700B3DC6A /* ContentView.swift */ = {isa = PBXFileReference; lastKnownFileType = sourcecode.swift; path = ContentView.swift; sourceTree = "<group>"; };
		2E8FE3952B1278B900B3DC6A /* Assets.xcassets */ = {isa = PBXFileReference; lastKnownFileType = folder.assetcatalog; path = Assets.xcassets; sourceTree = "<group>"; };
		2E8FE3982B1278B900B3DC6A /* Preview Assets.xcassets */ = {isa = PBXFileReference; lastKnownFileType = folder.assetcatalog; path = "Preview Assets.xcassets"; sourceTree = "<group>"; };
		2EE0C7CA2B12D6EE000D3BF6 /* GymQueries.graphql */ = {isa = PBXFileReference; lastKnownFileType = text; path = GymQueries.graphql; sourceTree = "<group>"; };
		2EE5F3C72B12E094008E0299 /* ApolloClientProtocol.swift */ = {isa = PBXFileReference; lastKnownFileType = sourcecode.swift; path = ApolloClientProtocol.swift; sourceTree = "<group>"; };
		2EE5F3C92B12E34D008E0299 /* Apollo.framework */ = {isa = PBXFileReference; explicitFileType = wrapper.framework; path = Apollo.framework; sourceTree = BUILT_PRODUCTS_DIR; };
		2EF1A2572B129EEB007A299F /* Network.swift */ = {isa = PBXFileReference; lastKnownFileType = sourcecode.swift; path = Network.swift; sourceTree = "<group>"; };
		61B508C772C15943F0FDB2E8 /* Pods-Uplift.debug.xcconfig */ = {isa = PBXFileReference; includeInIndex = 1; lastKnownFileType = text.xcconfig; name = "Pods-Uplift.debug.xcconfig"; path = "Target Support Files/Pods-Uplift/Pods-Uplift.debug.xcconfig"; sourceTree = "<group>"; };
		D6EB08EC41E957E55D918532 /* Pods-Uplift.release.xcconfig */ = {isa = PBXFileReference; includeInIndex = 1; lastKnownFileType = text.xcconfig; name = "Pods-Uplift.release.xcconfig"; path = "Target Support Files/Pods-Uplift/Pods-Uplift.release.xcconfig"; sourceTree = "<group>"; };
		E86AC23F1B9AFB11552390BF /* Pods_Uplift.framework */ = {isa = PBXFileReference; explicitFileType = wrapper.framework; includeInIndex = 0; path = Pods_Uplift.framework; sourceTree = BUILT_PRODUCTS_DIR; };
/* End PBXFileReference section */

/* Begin PBXFrameworksBuildPhase section */
		2E8FE3892B1278B700B3DC6A /* Frameworks */ = {
			isa = PBXFrameworksBuildPhase;
			buildActionMask = 2147483647;
			files = (
				2EE5F3E42B12EDB6008E0299 /* ApolloAPI in Frameworks */,
				842FB0CCD71C3202DE5836F1 /* Pods_Uplift.framework in Frameworks */,
				2EE5F3E22B12EDB6008E0299 /* Apollo in Frameworks */,
				2EE5F3EB2B12EDC1008E0299 /* NukeUI in Frameworks */,
				2E090ECB2B12FF5900BAE982 /* UpliftAPI in Frameworks */,
				2EE5F3E72B12EDC1008E0299 /* Nuke in Frameworks */,
				2EE5F3E92B12EDC1008E0299 /* NukeExtensions in Frameworks */,
			);
			runOnlyForDeploymentPostprocessing = 0;
		};
/* End PBXFrameworksBuildPhase section */

/* Begin PBXGroup section */
		1E73905287F565F00258C43E /* Frameworks */ = {
			isa = PBXGroup;
			children = (
				2EE5F3C92B12E34D008E0299 /* Apollo.framework */,
				E86AC23F1B9AFB11552390BF /* Pods_Uplift.framework */,
			);
			name = Frameworks;
			sourceTree = "<group>";
		};
		2E090EC62B12FB9F00BAE982 /* Models */ = {
			isa = PBXGroup;
			children = (
				2E090EC72B12FBB300BAE982 /* Gym.swift */,
			);
			path = Models;
			sourceTree = "<group>";
		};
		2E090ECC2B13084800BAE982 /* Core */ = {
			isa = PBXGroup;
			children = (
				2E8FE38F2B1278B700B3DC6A /* UpliftApp.swift */,
			);
			path = Core;
			sourceTree = "<group>";
		};
		2E090ECD2B13085700BAE982 /* Resources */ = {
			isa = PBXGroup;
			children = (
				2E8FE3952B1278B900B3DC6A /* Assets.xcassets */,
				2E8FE3982B1278B900B3DC6A /* Preview Assets.xcassets */,
			);
			path = Resources;
			sourceTree = "<group>";
		};
		2E090ECE2B13087100BAE982 /* Services */ = {
			isa = PBXGroup;
			children = (
				2E090ED22B13093400BAE982 /* Networking */,
			);
			path = Services;
			sourceTree = "<group>";
		};
		2E090ECF2B13088800BAE982 /* Configs */ = {
			isa = PBXGroup;
			children = (
				2E3D6C1F2B1285D200B51BB2 /* Environment.swift */,
			);
			path = Configs;
			sourceTree = "<group>";
		};
		2E090ED02B1308C900BAE982 /* Views */ = {
			isa = PBXGroup;
			children = (
				2E8FE3912B1278B700B3DC6A /* ContentView.swift */,
			);
			path = Views;
			sourceTree = "<group>";
		};
		2E090ED12B1308D500BAE982 /* ViewModels */ = {
			isa = PBXGroup;
			children = (
			);
			path = ViewModels;
			sourceTree = "<group>";
		};
		2E090ED22B13093400BAE982 /* Networking */ = {
			isa = PBXGroup;
			children = (
				2EE5F3C72B12E094008E0299 /* ApolloClientProtocol.swift */,
				2EF1A2572B129EEB007A299F /* Network.swift */,
				2E090EC42B12EF2600BAE982 /* Publishers.swift */,
				2EE0C7CA2B12D6EE000D3BF6 /* GymQueries.graphql */,
			);
			path = Networking;
			sourceTree = "<group>";
		};
		2E090ED32B13094D00BAE982 /* Utils */ = {
			isa = PBXGroup;
			children = (
				2E090ED42B13096700BAE982 /* Extensions */,
			);
			path = Utils;
			sourceTree = "<group>";
		};
		2E090ED42B13096700BAE982 /* Extensions */ = {
			isa = PBXGroup;
			children = (
			);
			path = Extensions;
			sourceTree = "<group>";
		};
		2E3D6C1B2B127FDA00B51BB2 /* UpliftSecrets */ = {
			isa = PBXGroup;
			children = (
				2E3D6C1C2B12809900B51BB2 /* Keys.xcconfig */,
			);
			path = UpliftSecrets;
			sourceTree = "<group>";
		};
		2E8FE3832B1278B700B3DC6A = {
			isa = PBXGroup;
			children = (
				2E8FE38E2B1278B700B3DC6A /* Uplift */,
				2E3D6C1B2B127FDA00B51BB2 /* UpliftSecrets */,
				2E8FE38D2B1278B700B3DC6A /* Products */,
				C8C3750BDACD45633415D75C /* Pods */,
				1E73905287F565F00258C43E /* Frameworks */,
			);
			sourceTree = "<group>";
		};
		2E8FE38D2B1278B700B3DC6A /* Products */ = {
			isa = PBXGroup;
			children = (
				2E8FE38C2B1278B700B3DC6A /* Uplift.app */,
			);
			name = Products;
			sourceTree = "<group>";
		};
		2E8FE38E2B1278B700B3DC6A /* Uplift */ = {
			isa = PBXGroup;
			children = (
				2E3D6C1D2B12840C00B51BB2 /* Info.plist */,
				2E090ECF2B13088800BAE982 /* Configs */,
				2E090ECC2B13084800BAE982 /* Core */,
				2E090EC62B12FB9F00BAE982 /* Models */,
				2E090ECD2B13085700BAE982 /* Resources */,
				2E090ECE2B13087100BAE982 /* Services */,
				2E090ED32B13094D00BAE982 /* Utils */,
				2E090ED12B1308D500BAE982 /* ViewModels */,
				2E090ED02B1308C900BAE982 /* Views */,
			);
			path = Uplift;
			sourceTree = "<group>";
		};
		C8C3750BDACD45633415D75C /* Pods */ = {
			isa = PBXGroup;
			children = (
				61B508C772C15943F0FDB2E8 /* Pods-Uplift.debug.xcconfig */,
				D6EB08EC41E957E55D918532 /* Pods-Uplift.release.xcconfig */,
			);
			path = Pods;
			sourceTree = "<group>";
		};
/* End PBXGroup section */

/* Begin PBXNativeTarget section */
		2E8FE38B2B1278B700B3DC6A /* Uplift */ = {
			isa = PBXNativeTarget;
			buildConfigurationList = 2E8FE39C2B1278B900B3DC6A /* Build configuration list for PBXNativeTarget "Uplift" */;
			buildPhases = (
				E5FB13433826A5050DAED752 /* [CP] Check Pods Manifest.lock */,
				2E8FE3882B1278B700B3DC6A /* Sources */,
				2E8FE3892B1278B700B3DC6A /* Frameworks */,
				2E8FE38A2B1278B700B3DC6A /* Resources */,
				2EF1A2542B1299FB007A299F /* SwiftLint */,
				2EF1A2552B129A77007A299F /* Generate API */,
			);
			buildRules = (
			);
			dependencies = (
			);
			name = Uplift;
			packageProductDependencies = (
				2EE5F3E12B12EDB6008E0299 /* Apollo */,
				2EE5F3E32B12EDB6008E0299 /* ApolloAPI */,
				2EE5F3E62B12EDC1008E0299 /* Nuke */,
				2EE5F3E82B12EDC1008E0299 /* NukeExtensions */,
				2EE5F3EA2B12EDC1008E0299 /* NukeUI */,
				2E090ECA2B12FF5900BAE982 /* UpliftAPI */,
			);
			productName = Uplift;
			productReference = 2E8FE38C2B1278B700B3DC6A /* Uplift.app */;
			productType = "com.apple.product-type.application";
		};
/* End PBXNativeTarget section */

/* Begin PBXProject section */
		2E8FE3842B1278B700B3DC6A /* Project object */ = {
			isa = PBXProject;
			attributes = {
				BuildIndependentTargetsInParallel = 1;
				LastSwiftUpdateCheck = 1500;
				LastUpgradeCheck = 1500;
				TargetAttributes = {
					2E8FE38B2B1278B700B3DC6A = {
						CreatedOnToolsVersion = 15.0;
					};
				};
			};
			buildConfigurationList = 2E8FE3872B1278B700B3DC6A /* Build configuration list for PBXProject "Uplift" */;
			compatibilityVersion = "Xcode 14.0";
			developmentRegion = en;
			hasScannedForEncodings = 0;
			knownRegions = (
				en,
				Base,
			);
			mainGroup = 2E8FE3832B1278B700B3DC6A;
			packageReferences = (
				2EE5F3E02B12EDB6008E0299 /* XCRemoteSwiftPackageReference "apollo-ios" */,
				2EE5F3E52B12EDC1008E0299 /* XCRemoteSwiftPackageReference "Nuke" */,
				2E090EC92B12FF5900BAE982 /* XCLocalSwiftPackageReference "UpliftAPI" */,
			);
			productRefGroup = 2E8FE38D2B1278B700B3DC6A /* Products */;
			projectDirPath = "";
			projectRoot = "";
			targets = (
				2E8FE38B2B1278B700B3DC6A /* Uplift */,
			);
		};
/* End PBXProject section */

/* Begin PBXResourcesBuildPhase section */
		2E8FE38A2B1278B700B3DC6A /* Resources */ = {
			isa = PBXResourcesBuildPhase;
			buildActionMask = 2147483647;
			files = (
				2EE0C7CB2B12D6EE000D3BF6 /* GymQueries.graphql in Resources */,
				2E8FE3992B1278B900B3DC6A /* Preview Assets.xcassets in Resources */,
				2E8FE3962B1278B900B3DC6A /* Assets.xcassets in Resources */,
			);
			runOnlyForDeploymentPostprocessing = 0;
		};
/* End PBXResourcesBuildPhase section */

/* Begin PBXShellScriptBuildPhase section */
		2EF1A2542B1299FB007A299F /* SwiftLint */ = {
			isa = PBXShellScriptBuildPhase;
			alwaysOutOfDate = 1;
			buildActionMask = 2147483647;
			files = (
			);
			inputFileListPaths = (
			);
			inputPaths = (
			);
			name = SwiftLint;
			outputFileListPaths = (
			);
			outputPaths = (
			);
			runOnlyForDeploymentPostprocessing = 0;
			shellPath = /bin/sh;
			shellScript = "\"${PODS_ROOT}/SwiftLint/swiftlint\"\n\nif which swiftlint >/dev/null; then\n    swiftlint --fix && swiftlint\nelse\n    echo \"WARNING: SwiftLint not installed\"\nfi\n";
		};
		2EF1A2552B129A77007A299F /* Generate API */ = {
			isa = PBXShellScriptBuildPhase;
			alwaysOutOfDate = 1;
			buildActionMask = 2147483647;
			files = (
			);
			inputFileListPaths = (
			);
			inputPaths = (
			);
			name = "Generate API";
			outputFileListPaths = (
			);
			outputPaths = (
			);
			runOnlyForDeploymentPostprocessing = 0;
			shellPath = /bin/sh;
			shellScript = "CLI_PATH=\"./apollo-ios-cli\"\nSECRETS_PATH=\"${SRCROOT}/UpliftSecrets\"\n\nif [ \"${CONFIGURATION}\" != \"Release\" ]; then\n  CONFIG_PATH=\"${SECRETS_PATH}/apollo-codegen-config-dev.json\"\nfi\n\nif [ \"${CONFIGURATION}\" = \"Release\" ]; then\n  CONFIG_PATH=\"${SECRETS_PATH}/apollo-codegen-config-prod.json\"\nfi\n\n\"${CLI_PATH}\" generate -p \"${CONFIG_PATH}\" -f\n";
		};
		E5FB13433826A5050DAED752 /* [CP] Check Pods Manifest.lock */ = {
			isa = PBXShellScriptBuildPhase;
			buildActionMask = 2147483647;
			files = (
			);
			inputFileListPaths = (
			);
			inputPaths = (
				"${PODS_PODFILE_DIR_PATH}/Podfile.lock",
				"${PODS_ROOT}/Manifest.lock",
			);
			name = "[CP] Check Pods Manifest.lock";
			outputFileListPaths = (
			);
			outputPaths = (
				"$(DERIVED_FILE_DIR)/Pods-Uplift-checkManifestLockResult.txt",
			);
			runOnlyForDeploymentPostprocessing = 0;
			shellPath = /bin/sh;
			shellScript = "diff \"${PODS_PODFILE_DIR_PATH}/Podfile.lock\" \"${PODS_ROOT}/Manifest.lock\" > /dev/null\nif [ $? != 0 ] ; then\n    # print error to STDERR\n    echo \"error: The sandbox is not in sync with the Podfile.lock. Run 'pod install' or update your CocoaPods installation.\" >&2\n    exit 1\nfi\n# This output is used by Xcode 'outputs' to avoid re-running this script phase.\necho \"SUCCESS\" > \"${SCRIPT_OUTPUT_FILE_0}\"\n";
			showEnvVarsInLog = 0;
		};
/* End PBXShellScriptBuildPhase section */

/* Begin PBXSourcesBuildPhase section */
		2E8FE3882B1278B700B3DC6A /* Sources */ = {
			isa = PBXSourcesBuildPhase;
			buildActionMask = 2147483647;
			files = (
				2EF1A2582B129EEB007A299F /* Network.swift in Sources */,
				2E8FE3922B1278B700B3DC6A /* ContentView.swift in Sources */,
				2E090EC52B12EF2600BAE982 /* Publishers.swift in Sources */,
				2E3D6C202B1285D200B51BB2 /* Environment.swift in Sources */,
				2E090EC82B12FBB300BAE982 /* Gym.swift in Sources */,
				2E8FE3902B1278B700B3DC6A /* UpliftApp.swift in Sources */,
				2EE5F3C82B12E094008E0299 /* ApolloClientProtocol.swift in Sources */,
			);
			runOnlyForDeploymentPostprocessing = 0;
		};
/* End PBXSourcesBuildPhase section */

/* Begin XCBuildConfiguration section */
		2E8FE39A2B1278B900B3DC6A /* Debug */ = {
			isa = XCBuildConfiguration;
			baseConfigurationReference = 2E3D6C1C2B12809900B51BB2 /* Keys.xcconfig */;
			buildSettings = {
				ALWAYS_SEARCH_USER_PATHS = NO;
				ASSETCATALOG_COMPILER_GENERATE_SWIFT_ASSET_SYMBOL_EXTENSIONS = YES;
				CLANG_ANALYZER_NONNULL = YES;
				CLANG_ANALYZER_NUMBER_OBJECT_CONVERSION = YES_AGGRESSIVE;
				CLANG_CXX_LANGUAGE_STANDARD = "gnu++20";
				CLANG_ENABLE_MODULES = YES;
				CLANG_ENABLE_OBJC_ARC = YES;
				CLANG_ENABLE_OBJC_WEAK = YES;
				CLANG_WARN_BLOCK_CAPTURE_AUTORELEASING = YES;
				CLANG_WARN_BOOL_CONVERSION = YES;
				CLANG_WARN_COMMA = YES;
				CLANG_WARN_CONSTANT_CONVERSION = YES;
				CLANG_WARN_DEPRECATED_OBJC_IMPLEMENTATIONS = YES;
				CLANG_WARN_DIRECT_OBJC_ISA_USAGE = YES_ERROR;
				CLANG_WARN_DOCUMENTATION_COMMENTS = YES;
				CLANG_WARN_EMPTY_BODY = YES;
				CLANG_WARN_ENUM_CONVERSION = YES;
				CLANG_WARN_INFINITE_RECURSION = YES;
				CLANG_WARN_INT_CONVERSION = YES;
				CLANG_WARN_NON_LITERAL_NULL_CONVERSION = YES;
				CLANG_WARN_OBJC_IMPLICIT_RETAIN_SELF = YES;
				CLANG_WARN_OBJC_LITERAL_CONVERSION = YES;
				CLANG_WARN_OBJC_ROOT_CLASS = YES_ERROR;
				CLANG_WARN_QUOTED_INCLUDE_IN_FRAMEWORK_HEADER = YES;
				CLANG_WARN_RANGE_LOOP_ANALYSIS = YES;
				CLANG_WARN_STRICT_PROTOTYPES = YES;
				CLANG_WARN_SUSPICIOUS_MOVE = YES;
				CLANG_WARN_UNGUARDED_AVAILABILITY = YES_AGGRESSIVE;
				CLANG_WARN_UNREACHABLE_CODE = YES;
				CLANG_WARN__DUPLICATE_METHOD_MATCH = YES;
				COPY_PHASE_STRIP = NO;
				DEBUG_INFORMATION_FORMAT = dwarf;
				ENABLE_STRICT_OBJC_MSGSEND = YES;
				ENABLE_TESTABILITY = YES;
				ENABLE_USER_SCRIPT_SANDBOXING = NO;
				GCC_C_LANGUAGE_STANDARD = gnu17;
				GCC_DYNAMIC_NO_PIC = NO;
				GCC_NO_COMMON_BLOCKS = YES;
				GCC_OPTIMIZATION_LEVEL = 0;
				GCC_PREPROCESSOR_DEFINITIONS = (
					"DEBUG=1",
					"$(inherited)",
				);
				GCC_WARN_64_TO_32_BIT_CONVERSION = YES;
				GCC_WARN_ABOUT_RETURN_TYPE = YES_ERROR;
				GCC_WARN_UNDECLARED_SELECTOR = YES;
				GCC_WARN_UNINITIALIZED_AUTOS = YES_AGGRESSIVE;
				GCC_WARN_UNUSED_FUNCTION = YES;
				GCC_WARN_UNUSED_VARIABLE = YES;
				IPHONEOS_DEPLOYMENT_TARGET = 17.0;
				LOCALIZATION_PREFERS_STRING_CATALOGS = YES;
				MTL_ENABLE_DEBUG_INFO = INCLUDE_SOURCE;
				MTL_FAST_MATH = YES;
				ONLY_ACTIVE_ARCH = YES;
				SDKROOT = iphoneos;
				SWIFT_ACTIVE_COMPILATION_CONDITIONS = "DEBUG $(inherited)";
				SWIFT_OPTIMIZATION_LEVEL = "-Onone";
			};
			name = Debug;
		};
		2E8FE39B2B1278B900B3DC6A /* Release */ = {
			isa = XCBuildConfiguration;
			baseConfigurationReference = 2E3D6C1C2B12809900B51BB2 /* Keys.xcconfig */;
			buildSettings = {
				ALWAYS_SEARCH_USER_PATHS = NO;
				ASSETCATALOG_COMPILER_GENERATE_SWIFT_ASSET_SYMBOL_EXTENSIONS = YES;
				CLANG_ANALYZER_NONNULL = YES;
				CLANG_ANALYZER_NUMBER_OBJECT_CONVERSION = YES_AGGRESSIVE;
				CLANG_CXX_LANGUAGE_STANDARD = "gnu++20";
				CLANG_ENABLE_MODULES = YES;
				CLANG_ENABLE_OBJC_ARC = YES;
				CLANG_ENABLE_OBJC_WEAK = YES;
				CLANG_WARN_BLOCK_CAPTURE_AUTORELEASING = YES;
				CLANG_WARN_BOOL_CONVERSION = YES;
				CLANG_WARN_COMMA = YES;
				CLANG_WARN_CONSTANT_CONVERSION = YES;
				CLANG_WARN_DEPRECATED_OBJC_IMPLEMENTATIONS = YES;
				CLANG_WARN_DIRECT_OBJC_ISA_USAGE = YES_ERROR;
				CLANG_WARN_DOCUMENTATION_COMMENTS = YES;
				CLANG_WARN_EMPTY_BODY = YES;
				CLANG_WARN_ENUM_CONVERSION = YES;
				CLANG_WARN_INFINITE_RECURSION = YES;
				CLANG_WARN_INT_CONVERSION = YES;
				CLANG_WARN_NON_LITERAL_NULL_CONVERSION = YES;
				CLANG_WARN_OBJC_IMPLICIT_RETAIN_SELF = YES;
				CLANG_WARN_OBJC_LITERAL_CONVERSION = YES;
				CLANG_WARN_OBJC_ROOT_CLASS = YES_ERROR;
				CLANG_WARN_QUOTED_INCLUDE_IN_FRAMEWORK_HEADER = YES;
				CLANG_WARN_RANGE_LOOP_ANALYSIS = YES;
				CLANG_WARN_STRICT_PROTOTYPES = YES;
				CLANG_WARN_SUSPICIOUS_MOVE = YES;
				CLANG_WARN_UNGUARDED_AVAILABILITY = YES_AGGRESSIVE;
				CLANG_WARN_UNREACHABLE_CODE = YES;
				CLANG_WARN__DUPLICATE_METHOD_MATCH = YES;
				COPY_PHASE_STRIP = NO;
				DEBUG_INFORMATION_FORMAT = "dwarf-with-dsym";
				ENABLE_NS_ASSERTIONS = NO;
				ENABLE_STRICT_OBJC_MSGSEND = YES;
				ENABLE_USER_SCRIPT_SANDBOXING = NO;
				GCC_C_LANGUAGE_STANDARD = gnu17;
				GCC_NO_COMMON_BLOCKS = YES;
				GCC_WARN_64_TO_32_BIT_CONVERSION = YES;
				GCC_WARN_ABOUT_RETURN_TYPE = YES_ERROR;
				GCC_WARN_UNDECLARED_SELECTOR = YES;
				GCC_WARN_UNINITIALIZED_AUTOS = YES_AGGRESSIVE;
				GCC_WARN_UNUSED_FUNCTION = YES;
				GCC_WARN_UNUSED_VARIABLE = YES;
				IPHONEOS_DEPLOYMENT_TARGET = 17.0;
				LOCALIZATION_PREFERS_STRING_CATALOGS = YES;
				MTL_ENABLE_DEBUG_INFO = NO;
				MTL_FAST_MATH = YES;
				SDKROOT = iphoneos;
				SWIFT_COMPILATION_MODE = wholemodule;
				VALIDATE_PRODUCT = YES;
			};
			name = Release;
		};
		2E8FE39D2B1278B900B3DC6A /* Debug */ = {
			isa = XCBuildConfiguration;
			baseConfigurationReference = 61B508C772C15943F0FDB2E8 /* Pods-Uplift.debug.xcconfig */;
			buildSettings = {
				ASSETCATALOG_COMPILER_APPICON_NAME = AppIcon;
				ASSETCATALOG_COMPILER_GLOBAL_ACCENT_COLOR_NAME = AccentColor;
				CODE_SIGN_STYLE = Automatic;
				CURRENT_PROJECT_VERSION = 1;
				DEVELOPMENT_ASSET_PATHS = "\"Uplift/Resources\"";
				DEVELOPMENT_TEAM = ZGMCXU7X3U;
				ENABLE_PREVIEWS = YES;
				GENERATE_INFOPLIST_FILE = YES;
				INFOPLIST_FILE = Uplift/Info.plist;
				INFOPLIST_KEY_UIApplicationSceneManifest_Generation = YES;
				INFOPLIST_KEY_UIApplicationSupportsIndirectInputEvents = YES;
				INFOPLIST_KEY_UILaunchScreen_Generation = YES;
				INFOPLIST_KEY_UISupportedInterfaceOrientations_iPad = "UIInterfaceOrientationPortrait UIInterfaceOrientationPortraitUpsideDown";
				INFOPLIST_KEY_UISupportedInterfaceOrientations_iPhone = UIInterfaceOrientationPortrait;
				IPHONEOS_DEPLOYMENT_TARGET = 17.0;
				LD_RUNPATH_SEARCH_PATHS = (
					"$(inherited)",
					"@executable_path/Frameworks",
				);
				MARKETING_VERSION = 1.0;
				PRODUCT_BUNDLE_IDENTIFIER = com.appdev.Uplift;
				PRODUCT_NAME = "$(TARGET_NAME)";
				SUPPORTED_PLATFORMS = "iphoneos iphonesimulator";
				SUPPORTS_MACCATALYST = NO;
				SUPPORTS_MAC_DESIGNED_FOR_IPHONE_IPAD = NO;
				SWIFT_EMIT_LOC_STRINGS = YES;
				SWIFT_VERSION = 5.0;
				TARGETED_DEVICE_FAMILY = "1,2";
			};
			name = Debug;
		};
		2E8FE39E2B1278B900B3DC6A /* Release */ = {
			isa = XCBuildConfiguration;
			baseConfigurationReference = D6EB08EC41E957E55D918532 /* Pods-Uplift.release.xcconfig */;
			buildSettings = {
				ASSETCATALOG_COMPILER_APPICON_NAME = AppIcon;
				ASSETCATALOG_COMPILER_GLOBAL_ACCENT_COLOR_NAME = AccentColor;
				CODE_SIGN_STYLE = Automatic;
				CURRENT_PROJECT_VERSION = 1;
				DEVELOPMENT_ASSET_PATHS = "\"Uplift/Resources\"";
				DEVELOPMENT_TEAM = ZGMCXU7X3U;
				ENABLE_PREVIEWS = YES;
				GENERATE_INFOPLIST_FILE = YES;
				INFOPLIST_FILE = Uplift/Info.plist;
				INFOPLIST_KEY_UIApplicationSceneManifest_Generation = YES;
				INFOPLIST_KEY_UIApplicationSupportsIndirectInputEvents = YES;
				INFOPLIST_KEY_UILaunchScreen_Generation = YES;
				INFOPLIST_KEY_UISupportedInterfaceOrientations_iPad = "UIInterfaceOrientationPortrait UIInterfaceOrientationPortraitUpsideDown";
				INFOPLIST_KEY_UISupportedInterfaceOrientations_iPhone = UIInterfaceOrientationPortrait;
				IPHONEOS_DEPLOYMENT_TARGET = 17.0;
				LD_RUNPATH_SEARCH_PATHS = (
					"$(inherited)",
					"@executable_path/Frameworks",
				);
				MARKETING_VERSION = 1.0;
				PRODUCT_BUNDLE_IDENTIFIER = com.appdev.Uplift;
				PRODUCT_NAME = "$(TARGET_NAME)";
				SUPPORTED_PLATFORMS = "iphoneos iphonesimulator";
				SUPPORTS_MACCATALYST = NO;
				SUPPORTS_MAC_DESIGNED_FOR_IPHONE_IPAD = NO;
				SWIFT_EMIT_LOC_STRINGS = YES;
				SWIFT_VERSION = 5.0;
				TARGETED_DEVICE_FAMILY = "1,2";
			};
			name = Release;
		};
/* End XCBuildConfiguration section */

/* Begin XCConfigurationList section */
		2E8FE3872B1278B700B3DC6A /* Build configuration list for PBXProject "Uplift" */ = {
			isa = XCConfigurationList;
			buildConfigurations = (
				2E8FE39A2B1278B900B3DC6A /* Debug */,
				2E8FE39B2B1278B900B3DC6A /* Release */,
			);
			defaultConfigurationIsVisible = 0;
			defaultConfigurationName = Release;
		};
		2E8FE39C2B1278B900B3DC6A /* Build configuration list for PBXNativeTarget "Uplift" */ = {
			isa = XCConfigurationList;
			buildConfigurations = (
				2E8FE39D2B1278B900B3DC6A /* Debug */,
				2E8FE39E2B1278B900B3DC6A /* Release */,
			);
			defaultConfigurationIsVisible = 0;
			defaultConfigurationName = Release;
		};
/* End XCConfigurationList section */

/* Begin XCLocalSwiftPackageReference section */
		2E090EC92B12FF5900BAE982 /* XCLocalSwiftPackageReference "UpliftAPI" */ = {
			isa = XCLocalSwiftPackageReference;
			relativePath = UpliftAPI;
		};
/* End XCLocalSwiftPackageReference section */

/* Begin XCRemoteSwiftPackageReference section */
		2EE5F3E02B12EDB6008E0299 /* XCRemoteSwiftPackageReference "apollo-ios" */ = {
			isa = XCRemoteSwiftPackageReference;
			repositoryURL = "https://github.com/apollographql/apollo-ios.git";
			requirement = {
				kind = upToNextMajorVersion;
				minimumVersion = 1.7.1;
			};
		};
		2EE5F3E52B12EDC1008E0299 /* XCRemoteSwiftPackageReference "Nuke" */ = {
			isa = XCRemoteSwiftPackageReference;
			repositoryURL = "https://github.com/kean/Nuke";
			requirement = {
				kind = upToNextMajorVersion;
				minimumVersion = 12.2.0;
			};
		};
/* End XCRemoteSwiftPackageReference section */

/* Begin XCSwiftPackageProductDependency section */
		2E090ECA2B12FF5900BAE982 /* UpliftAPI */ = {
			isa = XCSwiftPackageProductDependency;
			productName = UpliftAPI;
		};
		2EE5F3E12B12EDB6008E0299 /* Apollo */ = {
			isa = XCSwiftPackageProductDependency;
			package = 2EE5F3E02B12EDB6008E0299 /* XCRemoteSwiftPackageReference "apollo-ios" */;
			productName = Apollo;
		};
		2EE5F3E32B12EDB6008E0299 /* ApolloAPI */ = {
			isa = XCSwiftPackageProductDependency;
			package = 2EE5F3E02B12EDB6008E0299 /* XCRemoteSwiftPackageReference "apollo-ios" */;
			productName = ApolloAPI;
		};
		2EE5F3E62B12EDC1008E0299 /* Nuke */ = {
			isa = XCSwiftPackageProductDependency;
			package = 2EE5F3E52B12EDC1008E0299 /* XCRemoteSwiftPackageReference "Nuke" */;
			productName = Nuke;
		};
		2EE5F3E82B12EDC1008E0299 /* NukeExtensions */ = {
			isa = XCSwiftPackageProductDependency;
			package = 2EE5F3E52B12EDC1008E0299 /* XCRemoteSwiftPackageReference "Nuke" */;
			productName = NukeExtensions;
		};
		2EE5F3EA2B12EDC1008E0299 /* NukeUI */ = {
			isa = XCSwiftPackageProductDependency;
			package = 2EE5F3E52B12EDC1008E0299 /* XCRemoteSwiftPackageReference "Nuke" */;
			productName = NukeUI;
		};
/* End XCSwiftPackageProductDependency section */
	};
	rootObject = 2E8FE3842B1278B700B3DC6A /* Project object */;
}
