// !$*UTF8*$!
{
	archiveVersion = 1;
	classes = {
	};
	objectVersion = 60;
	objects = {

/* Begin PBXBuildFile section */
		29055F802E7E3E6E00E9A730 /* UnsavedChangesModal.swift in Sources */ = {isa = PBXBuildFile; fileRef = 29055F7F2E7E3E6500E9A730 /* UnsavedChangesModal.swift */; };
		29055FC62E849E2A00E9A730 /* LoadingModifier.swift in Sources */ = {isa = PBXBuildFile; fileRef = 29055FC52E849E2600E9A730 /* LoadingModifier.swift */; };
		291433852D87387B00F913D5 /* UserProfile.swift in Sources */ = {isa = PBXBuildFile; fileRef = 291433842D87387500F913D5 /* UserProfile.swift */; };
		291433872D87388C00F913D5 /* WeeklyWorkoutData.swift in Sources */ = {isa = PBXBuildFile; fileRef = 291433862D87388800F913D5 /* WeeklyWorkoutData.swift */; };
		291433892D8738A400F913D5 /* WorkoutHistory.swift in Sources */ = {isa = PBXBuildFile; fileRef = 291433882D8738A200F913D5 /* WorkoutHistory.swift */; };
		293032572D7A8F64002E5484 /* WorkoutProgressArc.swift in Sources */ = {isa = PBXBuildFile; fileRef = 293032562D7A8F64002E5484 /* WorkoutProgressArc.swift */; };
		294CC21D2D7E34D300EF6487 /* WeeklyWorkoutTrackerView.swift in Sources */ = {isa = PBXBuildFile; fileRef = 294CC21C2D7E34D000EF6487 /* WeeklyWorkoutTrackerView.swift */; };
		296A2DAE2D7A805300EF042F /* ProfileViewModel.swift in Sources */ = {isa = PBXBuildFile; fileRef = 296A2DAD2D7A805300EF042F /* ProfileViewModel.swift */; };
		298EBA4A2E8DD244000441BA /* ModalModifier.swift in Sources */ = {isa = PBXBuildFile; fileRef = 298EBA492E8DD241000441BA /* ModalModifier.swift */; };
		298EBA4E2E8E504A000441BA /* GymIdentifier.swift in Sources */ = {isa = PBXBuildFile; fileRef = 298EBA4D2E8E5048000441BA /* GymIdentifier.swift */; };
		298EBA502E8E5335000441BA /* CustomLoadingView.swift in Sources */ = {isa = PBXBuildFile; fileRef = 298EBA4F2E8E532C000441BA /* CustomLoadingView.swift */; };
		29DC9ABA2DB96C3C0088DC24 /* CapacityReminderMutations.graphql in Resources */ = {isa = PBXBuildFile; fileRef = 29DC9AB92DB96C340088DC24 /* CapacityReminderMutations.graphql */; };
		2CA97C8F2D8B852700EF48B3 /* UpliftAPI in Frameworks */ = {isa = PBXBuildFile; productRef = 2CA97C8E2D8B852700EF48B3 /* UpliftAPI */; };
		2E090EC52B12EF2600BAE982 /* Publishers.swift in Sources */ = {isa = PBXBuildFile; fileRef = 2E090EC42B12EF2600BAE982 /* Publishers.swift */; };
		2E090ECB2B12FF5900BAE982 /* UpliftAPI in Frameworks */ = {isa = PBXBuildFile; productRef = 2E090ECA2B12FF5900BAE982 /* UpliftAPI */; };
		2E090ED62B13121600BAE982 /* Constants.swift in Sources */ = {isa = PBXBuildFile; fileRef = 2E090ED52B13121600BAE982 /* Constants.swift */; };
		2E1105BF2B13B0E100119F5B /* HomeViewModel.swift in Sources */ = {isa = PBXBuildFile; fileRef = 2E1105BE2B13B0E100119F5B /* HomeViewModel.swift */; };
		2E1105C22B13D15100119F5B /* HomeGymCell.swift in Sources */ = {isa = PBXBuildFile; fileRef = 2E1105C12B13D15100119F5B /* HomeGymCell.swift */; };
		2E1105C42B13D1B000119F5B /* DummyData.swift in Sources */ = {isa = PBXBuildFile; fileRef = 2E1105C32B13D1B000119F5B /* DummyData.swift */; };
		2E15F4D82B390EBC00414BEC /* UpliftAPI in Frameworks */ = {isa = PBXBuildFile; productRef = 2E15F4D72B390EBC00414BEC /* UpliftAPI */; };
		2E15F4DA2B39102A00414BEC /* Capacity.swift in Sources */ = {isa = PBXBuildFile; fileRef = 2E15F4D92B39102A00414BEC /* Capacity.swift */; };
		2E15F4DC2B39117300414BEC /* OpenHours.swift in Sources */ = {isa = PBXBuildFile; fileRef = 2E15F4DB2B39117300414BEC /* OpenHours.swift */; };
		2E15F4DE2B3912C700414BEC /* Facility.swift in Sources */ = {isa = PBXBuildFile; fileRef = 2E15F4DD2B3912C700414BEC /* Facility.swift */; };
		2E15F4E02B39143700414BEC /* Gym.swift in Sources */ = {isa = PBXBuildFile; fileRef = 2E15F4DF2B39143700414BEC /* Gym.swift */; };
		2E15F4E22B3917B200414BEC /* Status.swift in Sources */ = {isa = PBXBuildFile; fileRef = 2E15F4E12B3917B200414BEC /* Status.swift */; };
		2E15F4E62B391E5300414BEC /* Array+Extension.swift in Sources */ = {isa = PBXBuildFile; fileRef = 2E15F4E52B391E5300414BEC /* Array+Extension.swift */; };
		2E15F4EE2B39255B00414BEC /* UpliftTests.swift in Sources */ = {isa = PBXBuildFile; fileRef = 2E15F4ED2B39255B00414BEC /* UpliftTests.swift */; };
		2E15F4F92B3950F800414BEC /* Date+Extension.swift in Sources */ = {isa = PBXBuildFile; fileRef = 2E15F4F82B3950F800414BEC /* Date+Extension.swift */; };
		2E15F4FB2B39573C00414BEC /* Double+Extension.swift in Sources */ = {isa = PBXBuildFile; fileRef = 2E15F4FA2B39573C00414BEC /* Double+Extension.swift */; };
		2E15F5022B396EC500414BEC /* ShadowModifier.swift in Sources */ = {isa = PBXBuildFile; fileRef = 2E15F5012B396EC500414BEC /* ShadowModifier.swift */; };
		2E15F5042B39E54700414BEC /* LocationManager.swift in Sources */ = {isa = PBXBuildFile; fileRef = 2E15F5032B39E54700414BEC /* LocationManager.swift */; };
		2E15F5062B39F81B00414BEC /* MainView.swift in Sources */ = {isa = PBXBuildFile; fileRef = 2E15F5052B39F81B00414BEC /* MainView.swift */; };
		2E15F50C2B3A0B2100414BEC /* CapacityCircleView.swift in Sources */ = {isa = PBXBuildFile; fileRef = 2E15F50B2B3A0B2100414BEC /* CapacityCircleView.swift */; };
		2E15F5122B3A3D0000414BEC /* TriangleShape.swift in Sources */ = {isa = PBXBuildFile; fileRef = 2E15F5112B3A3D0000414BEC /* TriangleShape.swift */; };
		2E2748CB2BCD37810023882E /* GiveawayPopup.swift in Sources */ = {isa = PBXBuildFile; fileRef = 2E2748CA2BCD37810023882E /* GiveawayPopup.swift */; };
		2E2748CD2BCD4C300023882E /* UserMutations.graphql in Resources */ = {isa = PBXBuildFile; fileRef = 2E2748CC2BCD4C300023882E /* UserMutations.graphql */; };
		2E2748CF2BCD4D1F0023882E /* MainViewModel.swift in Sources */ = {isa = PBXBuildFile; fileRef = 2E2748CE2BCD4D1F0023882E /* MainViewModel.swift */; };
		2E2748D22BCD4EC00023882E /* UpliftAPI in Frameworks */ = {isa = PBXBuildFile; productRef = 2E2748D12BCD4EC00023882E /* UpliftAPI */; };
		2E2932C62BA2B9B5008445CE /* UpliftAPI in Frameworks */ = {isa = PBXBuildFile; productRef = 2E2932C52BA2B9B5008445CE /* UpliftAPI */; };
		2E3838412BB7536700AE15DC /* PrivacyInfo.xcprivacy in Resources */ = {isa = PBXBuildFile; fileRef = 2E3838402BB7536700AE15DC /* PrivacyInfo.xcprivacy */; };
		2E39D8162B3B3AD600AD238B /* ScaleButtonStyle.swift in Sources */ = {isa = PBXBuildFile; fileRef = 2E39D8152B3B3AD600AD238B /* ScaleButtonStyle.swift */; };
		2E39D81C2B3B5F3700AD238B /* NavBackButton.swift in Sources */ = {isa = PBXBuildFile; fileRef = 2E39D81B2B3B5F3700AD238B /* NavBackButton.swift */; };
		2E39D81E2B3B610200AD238B /* UINavigationController+Extension.swift in Sources */ = {isa = PBXBuildFile; fileRef = 2E39D81D2B3B610200AD238B /* UINavigationController+Extension.swift */; };
		2E39D8202B3B623B00AD238B /* FitnessCenterView.swift in Sources */ = {isa = PBXBuildFile; fileRef = 2E39D81F2B3B623B00AD238B /* FitnessCenterView.swift */; };
		2E39D8222B3B631200AD238B /* DividerLine.swift in Sources */ = {isa = PBXBuildFile; fileRef = 2E39D8212B3B631200AD238B /* DividerLine.swift */; };
		2E39D8242B3B66FD00AD238B /* FitnessCenterViewModel.swift in Sources */ = {isa = PBXBuildFile; fileRef = 2E39D8232B3B66FD00AD238B /* FitnessCenterViewModel.swift */; };
		2E39D8262B3B6C6500AD238B /* SlidingTabBarView.swift in Sources */ = {isa = PBXBuildFile; fileRef = 2E39D8252B3B6C6500AD238B /* SlidingTabBarView.swift */; };
		2E39D8282B3B726D00AD238B /* GymTabType.swift in Sources */ = {isa = PBXBuildFile; fileRef = 2E39D8272B3B726D00AD238B /* GymTabType.swift */; };
		2E39D82A2B3B9F3D00AD238B /* FacilityExpandedView.swift in Sources */ = {isa = PBXBuildFile; fileRef = 2E39D8292B3B9F3D00AD238B /* FacilityExpandedView.swift */; };
		2E39D82C2B3BB35000AD238B /* FacilityExpandedViewModel.swift in Sources */ = {isa = PBXBuildFile; fileRef = 2E39D82B2B3BB35000AD238B /* FacilityExpandedViewModel.swift */; };
		2E39D82F2B3BCBA400AD238B /* UpliftAPI in Frameworks */ = {isa = PBXBuildFile; productRef = 2E39D82E2B3BCBA400AD238B /* UpliftAPI */; };
		2E39D8312B3BEE5900AD238B /* LaunchScreen.storyboard in Resources */ = {isa = PBXBuildFile; fileRef = 2E39D8302B3BEE5900AD238B /* LaunchScreen.storyboard */; };
		2E3D6C202B1285D200B51BB2 /* UpliftEnvironment.swift in Sources */ = {isa = PBXBuildFile; fileRef = 2E3D6C1F2B1285D200B51BB2 /* UpliftEnvironment.swift */; };
		2E3DC2432BCD2F1D0063B369 /* GiveawayModal.swift in Sources */ = {isa = PBXBuildFile; fileRef = 2E3DC2422BCD2F1D0063B369 /* GiveawayModal.swift */; };
		2E45B2402B4E361100FB83B7 /* FirebaseCrashlytics in Frameworks */ = {isa = PBXBuildFile; productRef = 2E45B23F2B4E361100FB83B7 /* FirebaseCrashlytics */; };
		2E45B2422B4E5CE100FB83B7 /* GoogleService-Info.plist in Resources */ = {isa = PBXBuildFile; fileRef = 2E45B2412B4E5CE100FB83B7 /* GoogleService-Info.plist */; };
		2E45B2452B4F632700FB83B7 /* FirebaseAnalytics in Frameworks */ = {isa = PBXBuildFile; productRef = 2E45B2442B4F632700FB83B7 /* FirebaseAnalytics */; };
		2E45B2472B4F643500FB83B7 /* AnalyticsManager.swift in Sources */ = {isa = PBXBuildFile; fileRef = 2E45B2462B4F643500FB83B7 /* AnalyticsManager.swift */; };
		2E4F06DC2B4B48DC008905C8 /* UpliftAPI in Frameworks */ = {isa = PBXBuildFile; productRef = 2E4F06DB2B4B48DC008905C8 /* UpliftAPI */; };
		2E5726C72B4A63AE00D3DB36 /* ShimmerModifier.swift in Sources */ = {isa = PBXBuildFile; fileRef = 2E5726C62B4A63AE00D3DB36 /* ShimmerModifier.swift */; };
		2E6785B92B3A425E00DD3ADA /* GymDetailView.swift in Sources */ = {isa = PBXBuildFile; fileRef = 2E6785B82B3A425E00DD3ADA /* GymDetailView.swift */; };
		2E6785BC2B3A48D700DD3ADA /* WrappingHStack in Frameworks */ = {isa = PBXBuildFile; productRef = 2E6785BB2B3A48D700DD3ADA /* WrappingHStack */; };
		2E6785BE2B3A513000DD3ADA /* SemiCircleShape.swift in Sources */ = {isa = PBXBuildFile; fileRef = 2E6785BD2B3A513000DD3ADA /* SemiCircleShape.swift */; };
		2E6785C02B3A5CA300DD3ADA /* Haptics.swift in Sources */ = {isa = PBXBuildFile; fileRef = 2E6785BF2B3A5CA300DD3ADA /* Haptics.swift */; };
		2E6785C22B3A5CE000DD3ADA /* GymDetailViewModel.swift in Sources */ = {isa = PBXBuildFile; fileRef = 2E6785C12B3A5CE000DD3ADA /* GymDetailViewModel.swift */; };
		2E6785C42B3A780600DD3ADA /* DayOfWeek.swift in Sources */ = {isa = PBXBuildFile; fileRef = 2E6785C32B3A780600DD3ADA /* DayOfWeek.swift */; };
		2E8FE3902B1278B700B3DC6A /* UpliftApp.swift in Sources */ = {isa = PBXBuildFile; fileRef = 2E8FE38F2B1278B700B3DC6A /* UpliftApp.swift */; };
		2E8FE3922B1278B700B3DC6A /* HomeView.swift in Sources */ = {isa = PBXBuildFile; fileRef = 2E8FE3912B1278B700B3DC6A /* HomeView.swift */; };
		2E8FE3962B1278B900B3DC6A /* Assets.xcassets in Resources */ = {isa = PBXBuildFile; fileRef = 2E8FE3952B1278B900B3DC6A /* Assets.xcassets */; };
		2E8FE3992B1278B900B3DC6A /* Preview Assets.xcassets in Resources */ = {isa = PBXBuildFile; fileRef = 2E8FE3982B1278B900B3DC6A /* Preview Assets.xcassets */; };
		2EB090B42B131CA40039EB3B /* BebasNeue-Regular.ttf in Resources */ = {isa = PBXBuildFile; fileRef = 2EB090B22B131C9D0039EB3B /* BebasNeue-Regular.ttf */; };
		2EB090B52B131CA80039EB3B /* Montserrat-Medium.ttf in Resources */ = {isa = PBXBuildFile; fileRef = 2EB090AE2B131C9D0039EB3B /* Montserrat-Medium.ttf */; };
		2EB090B62B131CA80039EB3B /* Montserrat-Bold.ttf in Resources */ = {isa = PBXBuildFile; fileRef = 2EB090B32B131C9D0039EB3B /* Montserrat-Bold.ttf */; };
		2EB090B72B131CA80039EB3B /* Montserrat-Regular.ttf in Resources */ = {isa = PBXBuildFile; fileRef = 2EB090B12B131C9D0039EB3B /* Montserrat-Regular.ttf */; };
		2EB090B82B131CA80039EB3B /* Montserrat-Light.ttf in Resources */ = {isa = PBXBuildFile; fileRef = 2EB090B02B131C9D0039EB3B /* Montserrat-Light.ttf */; };
		2EB090B92B131CA80039EB3B /* Montserrat-SemiBold.ttf in Resources */ = {isa = PBXBuildFile; fileRef = 2EB090AF2B131C9D0039EB3B /* Montserrat-SemiBold.ttf */; };
		2EB161C92BBC9C3100493B71 /* StretchyModifier.swift in Sources */ = {isa = PBXBuildFile; fileRef = 2EB161C82BBC9C3100493B71 /* StretchyModifier.swift */; };
		2EC3EE662B3C000E00E927BF /* Kingfisher in Frameworks */ = {isa = PBXBuildFile; productRef = 2EC3EE652B3C000E00E927BF /* Kingfisher */; };
		2ED53DCF2B3E06DC00FBDEAB /* Logger.swift in Sources */ = {isa = PBXBuildFile; fileRef = 2ED53DCE2B3E06DC00FBDEAB /* Logger.swift */; };
		2EE0C7CB2B12D6EE000D3BF6 /* GymQueries.graphql in Resources */ = {isa = PBXBuildFile; fileRef = 2EE0C7CA2B12D6EE000D3BF6 /* GymQueries.graphql */; };
		2EE5F3C82B12E094008E0299 /* ApolloClientProtocol.swift in Sources */ = {isa = PBXBuildFile; fileRef = 2EE5F3C72B12E094008E0299 /* ApolloClientProtocol.swift */; };
		2EE5F3E22B12EDB6008E0299 /* Apollo in Frameworks */ = {isa = PBXBuildFile; productRef = 2EE5F3E12B12EDB6008E0299 /* Apollo */; };
		2EE5F3E42B12EDB6008E0299 /* ApolloAPI in Frameworks */ = {isa = PBXBuildFile; productRef = 2EE5F3E32B12EDB6008E0299 /* ApolloAPI */; };
		2EF1A2582B129EEB007A299F /* Network.swift in Sources */ = {isa = PBXBuildFile; fileRef = 2EF1A2572B129EEB007A299F /* Network.swift */; };
		63001AD62CC9ACFF0082AFFA /* LoginViewModel.swift in Sources */ = {isa = PBXBuildFile; fileRef = 63001AD52CC9ACFF0082AFFA /* LoginViewModel.swift */; };
		63001AD82CC9AD970082AFFA /* GoogleSignIn in Frameworks */ = {isa = PBXBuildFile; productRef = 63001AD72CC9AD970082AFFA /* GoogleSignIn */; };
		63001ADA2CC9AD980082AFFA /* GoogleSignInSwift in Frameworks */ = {isa = PBXBuildFile; productRef = 63001AD92CC9AD970082AFFA /* GoogleSignInSwift */; };
		6329A4462C964D0800D30A2F /* SignInView.swift in Sources */ = {isa = PBXBuildFile; fileRef = 6329A4452C964D0800D30A2F /* SignInView.swift */; };
		6329A4482CA0F89D00D30A2F /* CreateProfileView.swift in Sources */ = {isa = PBXBuildFile; fileRef = 6329A4472CA0F89D00D30A2F /* CreateProfileView.swift */; };
		6329A44A2CA0FE8A00D30A2F /* CheckBoxView.swift in Sources */ = {isa = PBXBuildFile; fileRef = 6329A4492CA0FE8A00D30A2F /* CheckBoxView.swift */; };
		6338EC5C2CE149AA000BBFD3 /* UpliftAPI in Frameworks */ = {isa = PBXBuildFile; productRef = 6338EC5B2CE149AA000BBFD3 /* UpliftAPI */; };
		6338EC5F2CE14B54000BBFD3 /* UpliftAPI in Frameworks */ = {isa = PBXBuildFile; productRef = 6338EC5E2CE14B54000BBFD3 /* UpliftAPI */; };
		636E3D412BBE1EB100B6EFFC /* UpliftAPI in Frameworks */ = {isa = PBXBuildFile; productRef = 636E3D402BBE1EB100B6EFFC /* UpliftAPI */; };
		636E3D442BBE1F3800B6EFFC /* UpliftAPI in Frameworks */ = {isa = PBXBuildFile; productRef = 636E3D432BBE1F3800B6EFFC /* UpliftAPI */; };
		63A7ABCD2B86B971008D58FB /* UpliftAPI in Frameworks */ = {isa = PBXBuildFile; productRef = 63A7ABCC2B86B971008D58FB /* UpliftAPI */; };
		63A7ABCF2B8C119A008D58FB /* Equipment.swift in Sources */ = {isa = PBXBuildFile; fileRef = 63A7ABCE2B8C119A008D58FB /* Equipment.swift */; };
		893AD9132D59468000C0817B /* DropDownArrow.swift in Sources */ = {isa = PBXBuildFile; fileRef = 893AD9122D59466F00C0817B /* DropDownArrow.swift */; };
		893AD9152D59569600C0817B /* MuscleCategoryView.swift in Sources */ = {isa = PBXBuildFile; fileRef = 893AD9142D59569600C0817B /* MuscleCategoryView.swift */; };
		893AD9172D595DC800C0817B /* MuscleGroupView.swift in Sources */ = {isa = PBXBuildFile; fileRef = 893AD9162D595DC300C0817B /* MuscleGroupView.swift */; };
		89599A4E2BD4B39B00DA44DE /* FitnessClass.swift in Sources */ = {isa = PBXBuildFile; fileRef = 89599A4D2BD4B39B00DA44DE /* FitnessClass.swift */; };
		89599A502BD4B4B600DA44DE /* FitnessClassInstance.swift in Sources */ = {isa = PBXBuildFile; fileRef = 89599A4F2BD4B4B600DA44DE /* FitnessClassInstance.swift */; };
		896500DC2BB4D33500D822AB /* ClassDetailView.swift in Sources */ = {isa = PBXBuildFile; fileRef = 896500DB2BB4D33500D822AB /* ClassDetailView.swift */; };
		897703662BA2028D00F9992F /* ClassesViewModel.swift in Sources */ = {isa = PBXBuildFile; fileRef = 897703652BA2028D00F9992F /* ClassesViewModel.swift */; };
		897DF9BA2CCDC49B00246B0D /* (null) in Frameworks */ = {isa = PBXBuildFile; };
		8983A9A62CFEA077008E84DB /* UpliftAPI in Frameworks */ = {isa = PBXBuildFile; productRef = 8983A9A52CFEA077008E84DB /* UpliftAPI */; };
		89950D8A2B992E8400DFB007 /* ClassesView.swift in Sources */ = {isa = PBXBuildFile; fileRef = 89950D892B992E8400DFB007 /* ClassesView.swift */; };
		8996FEE02BDF351800F13C67 /* NextSessionCell.swift in Sources */ = {isa = PBXBuildFile; fileRef = 8996FEDF2BDF351800F13C67 /* NextSessionCell.swift */; };
		899B186D2CA5FAFB00FAC061 /* ProfileView.swift in Sources */ = {isa = PBXBuildFile; fileRef = 899B186C2CA5FAFB00FAC061 /* ProfileView.swift */; };
		89A652F92D02B00000277A16 /* CapacityRemindersView.swift in Sources */ = {isa = PBXBuildFile; fileRef = 89A652F62D02B00000277A16 /* CapacityRemindersView.swift */; };
		89A652FA2D02B00000277A16 /* RemindersView.swift in Sources */ = {isa = PBXBuildFile; fileRef = 89A652F72D02B00000277A16 /* RemindersView.swift */; };
		89C10D172CCB2F9E007E753F /* FirebaseMessaging in Frameworks */ = {isa = PBXBuildFile; productRef = 89C10D162CCB2F9E007E753F /* FirebaseMessaging */; };
		89C34AA12CA66E9C00C579A5 /* CapacityRemindersViewModel.swift in Sources */ = {isa = PBXBuildFile; fileRef = 89C34AA02CA66E9000C579A5 /* CapacityRemindersViewModel.swift */; };
		89C8658D2BB4779C00758337 /* ClassCell.swift in Sources */ = {isa = PBXBuildFile; fileRef = 89C8658C2BB4779C00758337 /* ClassCell.swift */; };
		89CE47422D03F3C700BCB79D /* UpliftAPI in Frameworks */ = {isa = PBXBuildFile; productRef = 89CE47412D03F3C700BCB79D /* UpliftAPI */; };
		89E4FAAA2CEFEC3C00A952B1 /* CapacitySemiCircleView.swift in Sources */ = {isa = PBXBuildFile; fileRef = 89E4FAA92CEFEC3000A952B1 /* CapacitySemiCircleView.swift */; };
		89E4FAAC2CF28E7500A952B1 /* HourlyAverageCapacity.swift in Sources */ = {isa = PBXBuildFile; fileRef = 89E4FAAB2CF28E6600A952B1 /* HourlyAverageCapacity.swift */; };
/* End PBXBuildFile section */

/* Begin PBXContainerItemProxy section */
		2E15F4EF2B39255B00414BEC /* PBXContainerItemProxy */ = {
			isa = PBXContainerItemProxy;
			containerPortal = 2E8FE3842B1278B700B3DC6A /* Project object */;
			proxyType = 1;
			remoteGlobalIDString = 2E8FE38B2B1278B700B3DC6A;
			remoteInfo = Uplift;
		};
/* End PBXContainerItemProxy section */

/* Begin PBXFileReference section */
		29055F7F2E7E3E6500E9A730 /* UnsavedChangesModal.swift */ = {isa = PBXFileReference; lastKnownFileType = sourcecode.swift; path = UnsavedChangesModal.swift; sourceTree = "<group>"; };
		29055FC52E849E2600E9A730 /* LoadingModifier.swift */ = {isa = PBXFileReference; lastKnownFileType = sourcecode.swift; path = LoadingModifier.swift; sourceTree = "<group>"; };
		291433842D87387500F913D5 /* UserProfile.swift */ = {isa = PBXFileReference; lastKnownFileType = sourcecode.swift; path = UserProfile.swift; sourceTree = "<group>"; };
		291433862D87388800F913D5 /* WeeklyWorkoutData.swift */ = {isa = PBXFileReference; lastKnownFileType = sourcecode.swift; path = WeeklyWorkoutData.swift; sourceTree = "<group>"; };
		291433882D8738A200F913D5 /* WorkoutHistory.swift */ = {isa = PBXFileReference; lastKnownFileType = sourcecode.swift; path = WorkoutHistory.swift; sourceTree = "<group>"; };
		293032562D7A8F64002E5484 /* WorkoutProgressArc.swift */ = {isa = PBXFileReference; lastKnownFileType = sourcecode.swift; path = WorkoutProgressArc.swift; sourceTree = "<group>"; };
		294CC21C2D7E34D000EF6487 /* WeeklyWorkoutTrackerView.swift */ = {isa = PBXFileReference; lastKnownFileType = sourcecode.swift; path = WeeklyWorkoutTrackerView.swift; sourceTree = "<group>"; };
		296A2DAD2D7A805300EF042F /* ProfileViewModel.swift */ = {isa = PBXFileReference; lastKnownFileType = sourcecode.swift; path = ProfileViewModel.swift; sourceTree = "<group>"; };
		298EBA492E8DD241000441BA /* ModalModifier.swift */ = {isa = PBXFileReference; lastKnownFileType = sourcecode.swift; path = ModalModifier.swift; sourceTree = "<group>"; };
		298EBA4D2E8E5048000441BA /* GymIdentifier.swift */ = {isa = PBXFileReference; lastKnownFileType = sourcecode.swift; path = GymIdentifier.swift; sourceTree = "<group>"; };
		298EBA4F2E8E532C000441BA /* CustomLoadingView.swift */ = {isa = PBXFileReference; lastKnownFileType = sourcecode.swift; path = CustomLoadingView.swift; sourceTree = "<group>"; };
		29DC9AB92DB96C340088DC24 /* CapacityReminderMutations.graphql */ = {isa = PBXFileReference; lastKnownFileType = text; path = CapacityReminderMutations.graphql; sourceTree = "<group>"; };
		2E090EC42B12EF2600BAE982 /* Publishers.swift */ = {isa = PBXFileReference; lastKnownFileType = sourcecode.swift; path = Publishers.swift; sourceTree = "<group>"; };
		2E090ED52B13121600BAE982 /* Constants.swift */ = {isa = PBXFileReference; lastKnownFileType = sourcecode.swift; path = Constants.swift; sourceTree = "<group>"; };
		2E1105BE2B13B0E100119F5B /* HomeViewModel.swift */ = {isa = PBXFileReference; lastKnownFileType = sourcecode.swift; path = HomeViewModel.swift; sourceTree = "<group>"; };
		2E1105C12B13D15100119F5B /* HomeGymCell.swift */ = {isa = PBXFileReference; lastKnownFileType = sourcecode.swift; path = HomeGymCell.swift; sourceTree = "<group>"; };
		2E1105C32B13D1B000119F5B /* DummyData.swift */ = {isa = PBXFileReference; lastKnownFileType = sourcecode.swift; path = DummyData.swift; sourceTree = "<group>"; };
		2E15F4D92B39102A00414BEC /* Capacity.swift */ = {isa = PBXFileReference; lastKnownFileType = sourcecode.swift; path = Capacity.swift; sourceTree = "<group>"; };
		2E15F4DB2B39117300414BEC /* OpenHours.swift */ = {isa = PBXFileReference; lastKnownFileType = sourcecode.swift; path = OpenHours.swift; sourceTree = "<group>"; };
		2E15F4DD2B3912C700414BEC /* Facility.swift */ = {isa = PBXFileReference; lastKnownFileType = sourcecode.swift; path = Facility.swift; sourceTree = "<group>"; };
		2E15F4DF2B39143700414BEC /* Gym.swift */ = {isa = PBXFileReference; lastKnownFileType = sourcecode.swift; path = Gym.swift; sourceTree = "<group>"; };
		2E15F4E12B3917B200414BEC /* Status.swift */ = {isa = PBXFileReference; lastKnownFileType = sourcecode.swift; path = Status.swift; sourceTree = "<group>"; };
		2E15F4E52B391E5300414BEC /* Array+Extension.swift */ = {isa = PBXFileReference; lastKnownFileType = sourcecode.swift; path = "Array+Extension.swift"; sourceTree = "<group>"; };
		2E15F4EB2B39255B00414BEC /* UpliftTests.xctest */ = {isa = PBXFileReference; explicitFileType = wrapper.cfbundle; includeInIndex = 0; path = UpliftTests.xctest; sourceTree = BUILT_PRODUCTS_DIR; };
		2E15F4ED2B39255B00414BEC /* UpliftTests.swift */ = {isa = PBXFileReference; lastKnownFileType = sourcecode.swift; path = UpliftTests.swift; sourceTree = "<group>"; };
		2E15F4F82B3950F800414BEC /* Date+Extension.swift */ = {isa = PBXFileReference; lastKnownFileType = sourcecode.swift; path = "Date+Extension.swift"; sourceTree = "<group>"; };
		2E15F4FA2B39573C00414BEC /* Double+Extension.swift */ = {isa = PBXFileReference; lastKnownFileType = sourcecode.swift; path = "Double+Extension.swift"; sourceTree = "<group>"; };
		2E15F5012B396EC500414BEC /* ShadowModifier.swift */ = {isa = PBXFileReference; lastKnownFileType = sourcecode.swift; path = ShadowModifier.swift; sourceTree = "<group>"; };
		2E15F5032B39E54700414BEC /* LocationManager.swift */ = {isa = PBXFileReference; lastKnownFileType = sourcecode.swift; path = LocationManager.swift; sourceTree = "<group>"; };
		2E15F5052B39F81B00414BEC /* MainView.swift */ = {isa = PBXFileReference; lastKnownFileType = sourcecode.swift; path = MainView.swift; sourceTree = "<group>"; };
		2E15F50B2B3A0B2100414BEC /* CapacityCircleView.swift */ = {isa = PBXFileReference; lastKnownFileType = sourcecode.swift; path = CapacityCircleView.swift; sourceTree = "<group>"; };
		2E15F5112B3A3D0000414BEC /* TriangleShape.swift */ = {isa = PBXFileReference; lastKnownFileType = sourcecode.swift; path = TriangleShape.swift; sourceTree = "<group>"; };
		2E2748CA2BCD37810023882E /* GiveawayPopup.swift */ = {isa = PBXFileReference; lastKnownFileType = sourcecode.swift; path = GiveawayPopup.swift; sourceTree = "<group>"; };
		2E2748CC2BCD4C300023882E /* UserMutations.graphql */ = {isa = PBXFileReference; fileEncoding = 4; lastKnownFileType = text; path = UserMutations.graphql; sourceTree = "<group>"; };
		2E2748CE2BCD4D1F0023882E /* MainViewModel.swift */ = {isa = PBXFileReference; lastKnownFileType = sourcecode.swift; path = MainViewModel.swift; sourceTree = "<group>"; };
		2E3838402BB7536700AE15DC /* PrivacyInfo.xcprivacy */ = {isa = PBXFileReference; lastKnownFileType = text.xml; path = PrivacyInfo.xcprivacy; sourceTree = "<group>"; };
		2E39D8152B3B3AD600AD238B /* ScaleButtonStyle.swift */ = {isa = PBXFileReference; lastKnownFileType = sourcecode.swift; path = ScaleButtonStyle.swift; sourceTree = "<group>"; };
		2E39D81B2B3B5F3700AD238B /* NavBackButton.swift */ = {isa = PBXFileReference; lastKnownFileType = sourcecode.swift; path = NavBackButton.swift; sourceTree = "<group>"; };
		2E39D81D2B3B610200AD238B /* UINavigationController+Extension.swift */ = {isa = PBXFileReference; lastKnownFileType = sourcecode.swift; path = "UINavigationController+Extension.swift"; sourceTree = "<group>"; };
		2E39D81F2B3B623B00AD238B /* FitnessCenterView.swift */ = {isa = PBXFileReference; lastKnownFileType = sourcecode.swift; path = FitnessCenterView.swift; sourceTree = "<group>"; };
		2E39D8212B3B631200AD238B /* DividerLine.swift */ = {isa = PBXFileReference; lastKnownFileType = sourcecode.swift; path = DividerLine.swift; sourceTree = "<group>"; };
		2E39D8232B3B66FD00AD238B /* FitnessCenterViewModel.swift */ = {isa = PBXFileReference; lastKnownFileType = sourcecode.swift; path = FitnessCenterViewModel.swift; sourceTree = "<group>"; };
		2E39D8252B3B6C6500AD238B /* SlidingTabBarView.swift */ = {isa = PBXFileReference; lastKnownFileType = sourcecode.swift; path = SlidingTabBarView.swift; sourceTree = "<group>"; };
		2E39D8272B3B726D00AD238B /* GymTabType.swift */ = {isa = PBXFileReference; lastKnownFileType = sourcecode.swift; path = GymTabType.swift; sourceTree = "<group>"; };
		2E39D8292B3B9F3D00AD238B /* FacilityExpandedView.swift */ = {isa = PBXFileReference; lastKnownFileType = sourcecode.swift; path = FacilityExpandedView.swift; sourceTree = "<group>"; };
		2E39D82B2B3BB35000AD238B /* FacilityExpandedViewModel.swift */ = {isa = PBXFileReference; lastKnownFileType = sourcecode.swift; path = FacilityExpandedViewModel.swift; sourceTree = "<group>"; };
		2E39D8302B3BEE5900AD238B /* LaunchScreen.storyboard */ = {isa = PBXFileReference; lastKnownFileType = file.storyboard; path = LaunchScreen.storyboard; sourceTree = "<group>"; };
		2E3D6C1C2B12809900B51BB2 /* Keys.xcconfig */ = {isa = PBXFileReference; lastKnownFileType = text.xcconfig; path = Keys.xcconfig; sourceTree = "<group>"; };
		2E3D6C1D2B12840C00B51BB2 /* Info.plist */ = {isa = PBXFileReference; lastKnownFileType = text.plist.xml; path = Info.plist; sourceTree = "<group>"; };
		2E3D6C1F2B1285D200B51BB2 /* UpliftEnvironment.swift */ = {isa = PBXFileReference; lastKnownFileType = sourcecode.swift; path = UpliftEnvironment.swift; sourceTree = "<group>"; };
		2E3DC2422BCD2F1D0063B369 /* GiveawayModal.swift */ = {isa = PBXFileReference; lastKnownFileType = sourcecode.swift; path = GiveawayModal.swift; sourceTree = "<group>"; };
		2E45B2412B4E5CE100FB83B7 /* GoogleService-Info.plist */ = {isa = PBXFileReference; fileEncoding = 4; lastKnownFileType = text.plist.xml; path = "GoogleService-Info.plist"; sourceTree = "<group>"; };
		2E45B2462B4F643500FB83B7 /* AnalyticsManager.swift */ = {isa = PBXFileReference; lastKnownFileType = sourcecode.swift; path = AnalyticsManager.swift; sourceTree = "<group>"; };
		2E5726C62B4A63AE00D3DB36 /* ShimmerModifier.swift */ = {isa = PBXFileReference; lastKnownFileType = sourcecode.swift; path = ShimmerModifier.swift; sourceTree = "<group>"; };
		2E5726CA2B4A68CC00D3DB36 /* ci_post_clone.sh */ = {isa = PBXFileReference; lastKnownFileType = text.script.sh; path = ci_post_clone.sh; sourceTree = "<group>"; };
		2E6785B82B3A425E00DD3ADA /* GymDetailView.swift */ = {isa = PBXFileReference; lastKnownFileType = sourcecode.swift; path = GymDetailView.swift; sourceTree = "<group>"; };
		2E6785BD2B3A513000DD3ADA /* SemiCircleShape.swift */ = {isa = PBXFileReference; lastKnownFileType = sourcecode.swift; path = SemiCircleShape.swift; sourceTree = "<group>"; };
		2E6785BF2B3A5CA300DD3ADA /* Haptics.swift */ = {isa = PBXFileReference; lastKnownFileType = sourcecode.swift; path = Haptics.swift; sourceTree = "<group>"; };
		2E6785C12B3A5CE000DD3ADA /* GymDetailViewModel.swift */ = {isa = PBXFileReference; lastKnownFileType = sourcecode.swift; path = GymDetailViewModel.swift; sourceTree = "<group>"; };
		2E6785C32B3A780600DD3ADA /* DayOfWeek.swift */ = {isa = PBXFileReference; lastKnownFileType = sourcecode.swift; path = DayOfWeek.swift; sourceTree = "<group>"; };
		2E8FE38C2B1278B700B3DC6A /* Uplift.app */ = {isa = PBXFileReference; explicitFileType = wrapper.application; includeInIndex = 0; path = Uplift.app; sourceTree = BUILT_PRODUCTS_DIR; };
		2E8FE38F2B1278B700B3DC6A /* UpliftApp.swift */ = {isa = PBXFileReference; lastKnownFileType = sourcecode.swift; path = UpliftApp.swift; sourceTree = "<group>"; };
		2E8FE3912B1278B700B3DC6A /* HomeView.swift */ = {isa = PBXFileReference; lastKnownFileType = sourcecode.swift; path = HomeView.swift; sourceTree = "<group>"; };
		2E8FE3952B1278B900B3DC6A /* Assets.xcassets */ = {isa = PBXFileReference; lastKnownFileType = folder.assetcatalog; path = Assets.xcassets; sourceTree = "<group>"; };
		2E8FE3982B1278B900B3DC6A /* Preview Assets.xcassets */ = {isa = PBXFileReference; lastKnownFileType = folder.assetcatalog; path = "Preview Assets.xcassets"; sourceTree = "<group>"; };
		2EB090AE2B131C9D0039EB3B /* Montserrat-Medium.ttf */ = {isa = PBXFileReference; lastKnownFileType = file; path = "Montserrat-Medium.ttf"; sourceTree = "<group>"; };
		2EB090AF2B131C9D0039EB3B /* Montserrat-SemiBold.ttf */ = {isa = PBXFileReference; lastKnownFileType = file; path = "Montserrat-SemiBold.ttf"; sourceTree = "<group>"; };
		2EB090B02B131C9D0039EB3B /* Montserrat-Light.ttf */ = {isa = PBXFileReference; lastKnownFileType = file; path = "Montserrat-Light.ttf"; sourceTree = "<group>"; };
		2EB090B12B131C9D0039EB3B /* Montserrat-Regular.ttf */ = {isa = PBXFileReference; lastKnownFileType = file; path = "Montserrat-Regular.ttf"; sourceTree = "<group>"; };
		2EB090B22B131C9D0039EB3B /* BebasNeue-Regular.ttf */ = {isa = PBXFileReference; lastKnownFileType = file; path = "BebasNeue-Regular.ttf"; sourceTree = "<group>"; };
		2EB090B32B131C9D0039EB3B /* Montserrat-Bold.ttf */ = {isa = PBXFileReference; lastKnownFileType = file; path = "Montserrat-Bold.ttf"; sourceTree = "<group>"; };
		2EB161C82BBC9C3100493B71 /* StretchyModifier.swift */ = {isa = PBXFileReference; fileEncoding = 4; lastKnownFileType = sourcecode.swift; path = StretchyModifier.swift; sourceTree = "<group>"; };
		2ED53DCE2B3E06DC00FBDEAB /* Logger.swift */ = {isa = PBXFileReference; lastKnownFileType = sourcecode.swift; path = Logger.swift; sourceTree = "<group>"; };
		2EE0C7CA2B12D6EE000D3BF6 /* GymQueries.graphql */ = {isa = PBXFileReference; lastKnownFileType = text; path = GymQueries.graphql; sourceTree = "<group>"; };
		2EE5F3C72B12E094008E0299 /* ApolloClientProtocol.swift */ = {isa = PBXFileReference; lastKnownFileType = sourcecode.swift; path = ApolloClientProtocol.swift; sourceTree = "<group>"; };
		2EF1A2572B129EEB007A299F /* Network.swift */ = {isa = PBXFileReference; lastKnownFileType = sourcecode.swift; path = Network.swift; sourceTree = "<group>"; };
		63001AD52CC9ACFF0082AFFA /* LoginViewModel.swift */ = {isa = PBXFileReference; fileEncoding = 4; lastKnownFileType = sourcecode.swift; path = LoginViewModel.swift; sourceTree = "<group>"; };
		6329A4452C964D0800D30A2F /* SignInView.swift */ = {isa = PBXFileReference; lastKnownFileType = sourcecode.swift; path = SignInView.swift; sourceTree = "<group>"; };
		6329A4472CA0F89D00D30A2F /* CreateProfileView.swift */ = {isa = PBXFileReference; lastKnownFileType = sourcecode.swift; path = CreateProfileView.swift; sourceTree = "<group>"; };
		6329A4492CA0FE8A00D30A2F /* CheckBoxView.swift */ = {isa = PBXFileReference; lastKnownFileType = sourcecode.swift; path = CheckBoxView.swift; sourceTree = "<group>"; };
		63A7ABCE2B8C119A008D58FB /* Equipment.swift */ = {isa = PBXFileReference; lastKnownFileType = sourcecode.swift; path = Equipment.swift; sourceTree = "<group>"; };
		893AD9122D59466F00C0817B /* DropDownArrow.swift */ = {isa = PBXFileReference; lastKnownFileType = sourcecode.swift; path = DropDownArrow.swift; sourceTree = "<group>"; };
		893AD9142D59569600C0817B /* MuscleCategoryView.swift */ = {isa = PBXFileReference; lastKnownFileType = sourcecode.swift; path = MuscleCategoryView.swift; sourceTree = "<group>"; };
		893AD9162D595DC300C0817B /* MuscleGroupView.swift */ = {isa = PBXFileReference; lastKnownFileType = sourcecode.swift; path = MuscleGroupView.swift; sourceTree = "<group>"; };
		89599A4D2BD4B39B00DA44DE /* FitnessClass.swift */ = {isa = PBXFileReference; lastKnownFileType = sourcecode.swift; path = FitnessClass.swift; sourceTree = "<group>"; };
		89599A4F2BD4B4B600DA44DE /* FitnessClassInstance.swift */ = {isa = PBXFileReference; lastKnownFileType = sourcecode.swift; path = FitnessClassInstance.swift; sourceTree = "<group>"; };
		896500DB2BB4D33500D822AB /* ClassDetailView.swift */ = {isa = PBXFileReference; lastKnownFileType = sourcecode.swift; path = ClassDetailView.swift; sourceTree = "<group>"; };
		897703652BA2028D00F9992F /* ClassesViewModel.swift */ = {isa = PBXFileReference; lastKnownFileType = sourcecode.swift; path = ClassesViewModel.swift; sourceTree = "<group>"; };
		89950D892B992E8400DFB007 /* ClassesView.swift */ = {isa = PBXFileReference; lastKnownFileType = sourcecode.swift; path = ClassesView.swift; sourceTree = "<group>"; };
		8996FEDF2BDF351800F13C67 /* NextSessionCell.swift */ = {isa = PBXFileReference; lastKnownFileType = sourcecode.swift; path = NextSessionCell.swift; sourceTree = "<group>"; };
		899B186C2CA5FAFB00FAC061 /* ProfileView.swift */ = {isa = PBXFileReference; lastKnownFileType = sourcecode.swift; path = ProfileView.swift; sourceTree = "<group>"; };
		89A652F62D02B00000277A16 /* CapacityRemindersView.swift */ = {isa = PBXFileReference; lastKnownFileType = sourcecode.swift; path = CapacityRemindersView.swift; sourceTree = "<group>"; };
		89A652F72D02B00000277A16 /* RemindersView.swift */ = {isa = PBXFileReference; lastKnownFileType = sourcecode.swift; path = RemindersView.swift; sourceTree = "<group>"; };
		89C10D222CCB459F007E753F /* Uplift.entitlements */ = {isa = PBXFileReference; lastKnownFileType = text.plist.entitlements; path = Uplift.entitlements; sourceTree = "<group>"; };
		89C34AA02CA66E9000C579A5 /* CapacityRemindersViewModel.swift */ = {isa = PBXFileReference; lastKnownFileType = sourcecode.swift; path = CapacityRemindersViewModel.swift; sourceTree = "<group>"; };
		89C8658C2BB4779C00758337 /* ClassCell.swift */ = {isa = PBXFileReference; lastKnownFileType = sourcecode.swift; path = ClassCell.swift; sourceTree = "<group>"; };
		89E4FAA92CEFEC3000A952B1 /* CapacitySemiCircleView.swift */ = {isa = PBXFileReference; lastKnownFileType = sourcecode.swift; path = CapacitySemiCircleView.swift; sourceTree = "<group>"; };
		89E4FAAB2CF28E6600A952B1 /* HourlyAverageCapacity.swift */ = {isa = PBXFileReference; lastKnownFileType = sourcecode.swift; path = HourlyAverageCapacity.swift; sourceTree = "<group>"; };
/* End PBXFileReference section */

/* Begin PBXFrameworksBuildPhase section */
		2E15F4E82B39255B00414BEC /* Frameworks */ = {
			isa = PBXFrameworksBuildPhase;
			buildActionMask = 2147483647;
			files = (
			);
			runOnlyForDeploymentPostprocessing = 0;
		};
		2E8FE3892B1278B700B3DC6A /* Frameworks */ = {
			isa = PBXFrameworksBuildPhase;
			buildActionMask = 2147483647;
			files = (
				89C10D172CCB2F9E007E753F /* FirebaseMessaging in Frameworks */,
				2EE5F3E42B12EDB6008E0299 /* ApolloAPI in Frameworks */,
				63001AD82CC9AD970082AFFA /* GoogleSignIn in Frameworks */,
				2EE5F3E22B12EDB6008E0299 /* Apollo in Frameworks */,
				2E6785BC2B3A48D700DD3ADA /* WrappingHStack in Frameworks */,
				2E4F06DC2B4B48DC008905C8 /* UpliftAPI in Frameworks */,
				2CA97C8F2D8B852700EF48B3 /* UpliftAPI in Frameworks */,
				2E090ECB2B12FF5900BAE982 /* UpliftAPI in Frameworks */,
				8983A9A62CFEA077008E84DB /* UpliftAPI in Frameworks */,
				2E45B2452B4F632700FB83B7 /* FirebaseAnalytics in Frameworks */,
				6338EC5F2CE14B54000BBFD3 /* UpliftAPI in Frameworks */,
				2E39D82F2B3BCBA400AD238B /* UpliftAPI in Frameworks */,
				6338EC5C2CE149AA000BBFD3 /* UpliftAPI in Frameworks */,
				897DF9BA2CCDC49B00246B0D /* (null) in Frameworks */,
				2E2748D22BCD4EC00023882E /* UpliftAPI in Frameworks */,
				63001ADA2CC9AD980082AFFA /* GoogleSignInSwift in Frameworks */,
				63A7ABCD2B86B971008D58FB /* UpliftAPI in Frameworks */,
				2E45B2402B4E361100FB83B7 /* FirebaseCrashlytics in Frameworks */,
				636E3D412BBE1EB100B6EFFC /* UpliftAPI in Frameworks */,
				89CE47422D03F3C700BCB79D /* UpliftAPI in Frameworks */,
				2E2932C62BA2B9B5008445CE /* UpliftAPI in Frameworks */,
				636E3D442BBE1F3800B6EFFC /* UpliftAPI in Frameworks */,
				2EC3EE662B3C000E00E927BF /* Kingfisher in Frameworks */,
				2E15F4D82B390EBC00414BEC /* UpliftAPI in Frameworks */,
			);
			runOnlyForDeploymentPostprocessing = 0;
		};
/* End PBXFrameworksBuildPhase section */

/* Begin PBXGroup section */
		1E73905287F565F00258C43E /* Frameworks */ = {
			isa = PBXGroup;
			children = (
			);
			name = Frameworks;
			sourceTree = "<group>";
		};
		2E090EC62B12FB9F00BAE982 /* Models */ = {
			isa = PBXGroup;
			children = (
				298EBA4D2E8E5048000441BA /* GymIdentifier.swift */,
				291433882D8738A200F913D5 /* WorkoutHistory.swift */,
				291433862D87388800F913D5 /* WeeklyWorkoutData.swift */,
				291433842D87387500F913D5 /* UserProfile.swift */,
				2E15F4D92B39102A00414BEC /* Capacity.swift */,
				2E6785C32B3A780600DD3ADA /* DayOfWeek.swift */,
				63A7ABCE2B8C119A008D58FB /* Equipment.swift */,
				2E15F4DD2B3912C700414BEC /* Facility.swift */,
				89599A4D2BD4B39B00DA44DE /* FitnessClass.swift */,
				89599A4F2BD4B4B600DA44DE /* FitnessClassInstance.swift */,
				2E15F4DF2B39143700414BEC /* Gym.swift */,
				2E39D8272B3B726D00AD238B /* GymTabType.swift */,
				89E4FAAB2CF28E6600A952B1 /* HourlyAverageCapacity.swift */,
				2E15F4DB2B39117300414BEC /* OpenHours.swift */,
				2E15F4E12B3917B200414BEC /* Status.swift */,
			);
			path = Models;
			sourceTree = "<group>";
		};
		2E090ECC2B13084800BAE982 /* Core */ = {
			isa = PBXGroup;
			children = (
				2E39D8302B3BEE5900AD238B /* LaunchScreen.storyboard */,
				2E8FE38F2B1278B700B3DC6A /* UpliftApp.swift */,
			);
			path = Core;
			sourceTree = "<group>";
		};
		2E090ECD2B13085700BAE982 /* Resources */ = {
			isa = PBXGroup;
			children = (
				2EB090AD2B131BDC0039EB3B /* Fonts */,
				2E5726CB2B4B172A00D3DB36 /* Preview Content */,
				2E8FE3952B1278B900B3DC6A /* Assets.xcassets */,
			);
			path = Resources;
			sourceTree = "<group>";
		};
		2E090ECE2B13087100BAE982 /* Services */ = {
			isa = PBXGroup;
			children = (
				2E45B2462B4F643500FB83B7 /* AnalyticsManager.swift */,
				2E15F5032B39E54700414BEC /* LocationManager.swift */,
				2ED53DCE2B3E06DC00FBDEAB /* Logger.swift */,
				2E090ED22B13093400BAE982 /* Networking */,
			);
			path = Services;
			sourceTree = "<group>";
		};
		2E090ECF2B13088800BAE982 /* Configs */ = {
			isa = PBXGroup;
			children = (
				2E3D6C1F2B1285D200B51BB2 /* UpliftEnvironment.swift */,
			);
			path = Configs;
			sourceTree = "<group>";
		};
		2E090ED02B1308C900BAE982 /* Views */ = {
			isa = PBXGroup;
			children = (
				294CC21C2D7E34D000EF6487 /* WeeklyWorkoutTrackerView.swift */,
				293032562D7A8F64002E5484 /* WorkoutProgressArc.swift */,
				89950D892B992E8400DFB007 /* ClassesView.swift */,
				63CA15862C924B84001620B5 /* Onboarding */,
				2E8FE3912B1278B700B3DC6A /* HomeView.swift */,
				2E15F5052B39F81B00414BEC /* MainView.swift */,
				899B186C2CA5FAFB00FAC061 /* ProfileView.swift */,
				89C8658B2BB4778400758337 /* Classes */,
				2E1105C02B13D11E00119F5B /* Home */,
				89A652F82D02B00000277A16 /* Profile */,
				2E15F50A2B3A0AF700414BEC /* Supporting */,
			);
			path = Views;
			sourceTree = "<group>";
		};
		2E090ED12B1308D500BAE982 /* ViewModels */ = {
			isa = PBXGroup;
			children = (
				89C34AA02CA66E9000C579A5 /* CapacityRemindersViewModel.swift */,
				63001AD52CC9ACFF0082AFFA /* LoginViewModel.swift */,
				897703652BA2028D00F9992F /* ClassesViewModel.swift */,
				2E39D82B2B3BB35000AD238B /* FacilityExpandedViewModel.swift */,
				2E39D8232B3B66FD00AD238B /* FitnessCenterViewModel.swift */,
				2E6785C12B3A5CE000DD3ADA /* GymDetailViewModel.swift */,
				2E1105BE2B13B0E100119F5B /* HomeViewModel.swift */,
				2E2748CE2BCD4D1F0023882E /* MainViewModel.swift */,
				296A2DAD2D7A805300EF042F /* ProfileViewModel.swift */,
			);
			path = ViewModels;
			sourceTree = "<group>";
		};
		2E090ED22B13093400BAE982 /* Networking */ = {
			isa = PBXGroup;
			children = (
				29DC9AB92DB96C340088DC24 /* CapacityReminderMutations.graphql */,
				2EE5F3C72B12E094008E0299 /* ApolloClientProtocol.swift */,
				2EF1A2572B129EEB007A299F /* Network.swift */,
				2E090EC42B12EF2600BAE982 /* Publishers.swift */,
				2EE0C7CA2B12D6EE000D3BF6 /* GymQueries.graphql */,
				2E2748CC2BCD4C300023882E /* UserMutations.graphql */,
			);
			path = Networking;
			sourceTree = "<group>";
		};
		2E090ED32B13094D00BAE982 /* Utils */ = {
			isa = PBXGroup;
			children = (
				2E090ED52B13121600BAE982 /* Constants.swift */,
				2E1105C32B13D1B000119F5B /* DummyData.swift */,
				2E39D8192B3B5EFB00AD238B /* Custom */,
				2E090ED42B13096700BAE982 /* Extensions */,
			);
			path = Utils;
			sourceTree = "<group>";
		};
		2E090ED42B13096700BAE982 /* Extensions */ = {
			isa = PBXGroup;
			children = (
				2E15F4E52B391E5300414BEC /* Array+Extension.swift */,
				2E15F4F82B3950F800414BEC /* Date+Extension.swift */,
				2E15F4FA2B39573C00414BEC /* Double+Extension.swift */,
				2E39D81D2B3B610200AD238B /* UINavigationController+Extension.swift */,
			);
			path = Extensions;
			sourceTree = "<group>";
		};
		2E1105C02B13D11E00119F5B /* Home */ = {
			isa = PBXGroup;
			children = (
				2E39D8292B3B9F3D00AD238B /* FacilityExpandedView.swift */,
				2E39D81F2B3B623B00AD238B /* FitnessCenterView.swift */,
				2E6785B82B3A425E00DD3ADA /* GymDetailView.swift */,
				2E1105C12B13D15100119F5B /* HomeGymCell.swift */,
			);
			path = Home;
			sourceTree = "<group>";
		};
		2E15F4EC2B39255B00414BEC /* UpliftTests */ = {
			isa = PBXGroup;
			children = (
				2E15F4ED2B39255B00414BEC /* UpliftTests.swift */,
			);
			path = UpliftTests;
			sourceTree = "<group>";
		};
		2E15F50A2B3A0AF700414BEC /* Supporting */ = {
			isa = PBXGroup;
			children = (
				29055F7F2E7E3E6500E9A730 /* UnsavedChangesModal.swift */,
				2E15F50B2B3A0B2100414BEC /* CapacityCircleView.swift */,
				89E4FAA92CEFEC3000A952B1 /* CapacitySemiCircleView.swift */,
				893AD9122D59466F00C0817B /* DropDownArrow.swift */,
				893AD9142D59569600C0817B /* MuscleCategoryView.swift */,
				893AD9162D595DC300C0817B /* MuscleGroupView.swift */,
				2E39D81B2B3B5F3700AD238B /* NavBackButton.swift */,
				2E39D8212B3B631200AD238B /* DividerLine.swift */,
				2E39D8252B3B6C6500AD238B /* SlidingTabBarView.swift */,
				2E3DC2412BCD2EDF0063B369 /* Giveaway */,
			);
			path = Supporting;
			sourceTree = "<group>";
		};
		2E39D8192B3B5EFB00AD238B /* Custom */ = {
			isa = PBXGroup;
			children = (
				298EBA4F2E8E532C000441BA /* CustomLoadingView.swift */,
				298EBA492E8DD241000441BA /* ModalModifier.swift */,
				29055FC52E849E2600E9A730 /* LoadingModifier.swift */,
				2E6785BF2B3A5CA300DD3ADA /* Haptics.swift */,
				2E39D8152B3B3AD600AD238B /* ScaleButtonStyle.swift */,
				2E6785BD2B3A513000DD3ADA /* SemiCircleShape.swift */,
				2E15F5012B396EC500414BEC /* ShadowModifier.swift */,
				2E5726C62B4A63AE00D3DB36 /* ShimmerModifier.swift */,
				2EB161C82BBC9C3100493B71 /* StretchyModifier.swift */,
				2E15F5112B3A3D0000414BEC /* TriangleShape.swift */,
			);
			path = Custom;
			sourceTree = "<group>";
		};
		2E3D6C1B2B127FDA00B51BB2 /* UpliftSecrets */ = {
			isa = PBXGroup;
			children = (
				2E45B2412B4E5CE100FB83B7 /* GoogleService-Info.plist */,
				2E3D6C1C2B12809900B51BB2 /* Keys.xcconfig */,
			);
			path = UpliftSecrets;
			sourceTree = "<group>";
		};
		2E3DC2412BCD2EDF0063B369 /* Giveaway */ = {
			isa = PBXGroup;
			children = (
				2E3DC2422BCD2F1D0063B369 /* GiveawayModal.swift */,
				2E2748CA2BCD37810023882E /* GiveawayPopup.swift */,
			);
			path = Giveaway;
			sourceTree = "<group>";
		};
		2E5726C92B4A68BD00D3DB36 /* ci_scripts */ = {
			isa = PBXGroup;
			children = (
				2E5726CA2B4A68CC00D3DB36 /* ci_post_clone.sh */,
			);
			path = ci_scripts;
			sourceTree = "<group>";
		};
		2E5726CB2B4B172A00D3DB36 /* Preview Content */ = {
			isa = PBXGroup;
			children = (
				2E8FE3982B1278B900B3DC6A /* Preview Assets.xcassets */,
			);
			path = "Preview Content";
			sourceTree = "<group>";
		};
		2E8FE3832B1278B700B3DC6A = {
			isa = PBXGroup;
			children = (
				2E5726C92B4A68BD00D3DB36 /* ci_scripts */,
				2E8FE38E2B1278B700B3DC6A /* Uplift */,
				2E3D6C1B2B127FDA00B51BB2 /* UpliftSecrets */,
				2E15F4EC2B39255B00414BEC /* UpliftTests */,
				2E8FE38D2B1278B700B3DC6A /* Products */,
				1E73905287F565F00258C43E /* Frameworks */,
			);
			sourceTree = "<group>";
		};
		2E8FE38D2B1278B700B3DC6A /* Products */ = {
			isa = PBXGroup;
			children = (
				2E8FE38C2B1278B700B3DC6A /* Uplift.app */,
				2E15F4EB2B39255B00414BEC /* UpliftTests.xctest */,
			);
			name = Products;
			sourceTree = "<group>";
		};
		2E8FE38E2B1278B700B3DC6A /* Uplift */ = {
			isa = PBXGroup;
			children = (
				89C10D222CCB459F007E753F /* Uplift.entitlements */,
				2E3838402BB7536700AE15DC /* PrivacyInfo.xcprivacy */,
				2E3D6C1D2B12840C00B51BB2 /* Info.plist */,
				2E090ECF2B13088800BAE982 /* Configs */,
				2E090ECC2B13084800BAE982 /* Core */,
				2E090EC62B12FB9F00BAE982 /* Models */,
				2E090ECD2B13085700BAE982 /* Resources */,
				2E090ECE2B13087100BAE982 /* Services */,
				2E090ED32B13094D00BAE982 /* Utils */,
				2E090ED12B1308D500BAE982 /* ViewModels */,
				2E090ED02B1308C900BAE982 /* Views */,
			);
			path = Uplift;
			sourceTree = "<group>";
		};
		2EB090AD2B131BDC0039EB3B /* Fonts */ = {
			isa = PBXGroup;
			children = (
				2EB090B22B131C9D0039EB3B /* BebasNeue-Regular.ttf */,
				2EB090B32B131C9D0039EB3B /* Montserrat-Bold.ttf */,
				2EB090B02B131C9D0039EB3B /* Montserrat-Light.ttf */,
				2EB090AE2B131C9D0039EB3B /* Montserrat-Medium.ttf */,
				2EB090B12B131C9D0039EB3B /* Montserrat-Regular.ttf */,
				2EB090AF2B131C9D0039EB3B /* Montserrat-SemiBold.ttf */,
			);
			path = Fonts;
			sourceTree = "<group>";
		};
		63CA15862C924B84001620B5 /* Onboarding */ = {
			isa = PBXGroup;
			children = (
				6329A4452C964D0800D30A2F /* SignInView.swift */,
				6329A4472CA0F89D00D30A2F /* CreateProfileView.swift */,
				6329A4492CA0FE8A00D30A2F /* CheckBoxView.swift */,
			);
			path = Onboarding;
			sourceTree = "<group>";
		};
		89A652F82D02B00000277A16 /* Profile */ = {
			isa = PBXGroup;
			children = (
				89A652F62D02B00000277A16 /* CapacityRemindersView.swift */,
				89A652F72D02B00000277A16 /* RemindersView.swift */,
			);
			path = Profile;
			sourceTree = "<group>";
		};
		89C8658B2BB4778400758337 /* Classes */ = {
			isa = PBXGroup;
			children = (
				89C8658C2BB4779C00758337 /* ClassCell.swift */,
				896500DB2BB4D33500D822AB /* ClassDetailView.swift */,
				8996FEDF2BDF351800F13C67 /* NextSessionCell.swift */,
			);
			path = Classes;
			sourceTree = "<group>";
		};
/* End PBXGroup section */

/* Begin PBXNativeTarget section */
		2E15F4EA2B39255B00414BEC /* UpliftTests */ = {
			isa = PBXNativeTarget;
			buildConfigurationList = 2E15F4F12B39255B00414BEC /* Build configuration list for PBXNativeTarget "UpliftTests" */;
			buildPhases = (
				2E15F4E72B39255B00414BEC /* Sources */,
				2E15F4E82B39255B00414BEC /* Frameworks */,
				2E15F4E92B39255B00414BEC /* Resources */,
			);
			buildRules = (
			);
			dependencies = (
				2E15F4F02B39255B00414BEC /* PBXTargetDependency */,
			);
			name = UpliftTests;
			productName = UpliftTests;
			productReference = 2E15F4EB2B39255B00414BEC /* UpliftTests.xctest */;
			productType = "com.apple.product-type.bundle.unit-test";
		};
		2E8FE38B2B1278B700B3DC6A /* Uplift */ = {
			isa = PBXNativeTarget;
			buildConfigurationList = 2E8FE39C2B1278B900B3DC6A /* Build configuration list for PBXNativeTarget "Uplift" */;
			buildPhases = (
				2E8FE3882B1278B700B3DC6A /* Sources */,
				2E8FE3892B1278B700B3DC6A /* Frameworks */,
				2E8FE38A2B1278B700B3DC6A /* Resources */,
				2EF1A2542B1299FB007A299F /* SwiftLint */,
				2E45B2432B4E655D00FB83B7 /* Crashlytics */,
			);
			buildRules = (
			);
			dependencies = (
			);
			name = Uplift;
			packageProductDependencies = (
				2EE5F3E12B12EDB6008E0299 /* Apollo */,
				2EE5F3E32B12EDB6008E0299 /* ApolloAPI */,
				2E090ECA2B12FF5900BAE982 /* UpliftAPI */,
				2E15F4D72B390EBC00414BEC /* UpliftAPI */,
				2E6785BB2B3A48D700DD3ADA /* WrappingHStack */,
				2E39D82E2B3BCBA400AD238B /* UpliftAPI */,
				2EC3EE652B3C000E00E927BF /* Kingfisher */,
				2E4F06DB2B4B48DC008905C8 /* UpliftAPI */,
				2E45B23F2B4E361100FB83B7 /* FirebaseCrashlytics */,
				2E45B2442B4F632700FB83B7 /* FirebaseAnalytics */,
				2E2932C52BA2B9B5008445CE /* UpliftAPI */,
				636E3D402BBE1EB100B6EFFC /* UpliftAPI */,
				636E3D432BBE1F3800B6EFFC /* UpliftAPI */,
				2E2748D12BCD4EC00023882E /* UpliftAPI */,
				89C10D162CCB2F9E007E753F /* FirebaseMessaging */,
				63001AD72CC9AD970082AFFA /* GoogleSignIn */,
				63001AD92CC9AD970082AFFA /* GoogleSignInSwift */,
				63001AD72CC9AD970082AFFA /* GoogleSignIn */,
				63001AD92CC9AD970082AFFA /* GoogleSignInSwift */,
				6338EC5B2CE149AA000BBFD3 /* UpliftAPI */,
				6338EC5E2CE14B54000BBFD3 /* UpliftAPI */,
				2CA97C8E2D8B852700EF48B3 /* UpliftAPI */,
			);
			productName = Uplift;
			productReference = 2E8FE38C2B1278B700B3DC6A /* Uplift.app */;
			productType = "com.apple.product-type.application";
		};
/* End PBXNativeTarget section */

/* Begin PBXProject section */
		2E8FE3842B1278B700B3DC6A /* Project object */ = {
			isa = PBXProject;
			attributes = {
				BuildIndependentTargetsInParallel = 1;
				LastSwiftUpdateCheck = 1500;
				LastUpgradeCheck = 1610;
				ORGANIZATIONNAME = "Cornell AppDev";
				TargetAttributes = {
					2E15F4EA2B39255B00414BEC = {
						CreatedOnToolsVersion = 15.0.1;
						TestTargetID = 2E8FE38B2B1278B700B3DC6A;
					};
					2E8FE38B2B1278B700B3DC6A = {
						CreatedOnToolsVersion = 15.0;
					};
				};
			};
			buildConfigurationList = 2E8FE3872B1278B700B3DC6A /* Build configuration list for PBXProject "Uplift" */;
			compatibilityVersion = "Xcode 14.0";
			developmentRegion = en;
			hasScannedForEncodings = 0;
			knownRegions = (
				en,
				Base,
			);
			mainGroup = 2E8FE3832B1278B700B3DC6A;
			packageReferences = (
				2EE5F3E02B12EDB6008E0299 /* XCRemoteSwiftPackageReference "apollo-ios" */,
				2E6785BA2B3A48D700DD3ADA /* XCRemoteSwiftPackageReference "WrappingHStack" */,
				2EC3EE642B3C000E00E927BF /* XCRemoteSwiftPackageReference "Kingfisher" */,
				2E45B23E2B4E361100FB83B7 /* XCRemoteSwiftPackageReference "firebase-ios-sdk" */,
				63001AD42CC9A6B20082AFFA /* XCRemoteSwiftPackageReference "GoogleSignIn-iOS" */,
				2CA97C8D2D8B852700EF48B3 /* XCLocalSwiftPackageReference "UpliftAPI" */,
			);
			productRefGroup = 2E8FE38D2B1278B700B3DC6A /* Products */;
			projectDirPath = "";
			projectRoot = "";
			targets = (
				2E8FE38B2B1278B700B3DC6A /* Uplift */,
				2E15F4EA2B39255B00414BEC /* UpliftTests */,
			);
		};
/* End PBXProject section */

/* Begin PBXResourcesBuildPhase section */
		2E15F4E92B39255B00414BEC /* Resources */ = {
			isa = PBXResourcesBuildPhase;
			buildActionMask = 2147483647;
			files = (
			);
			runOnlyForDeploymentPostprocessing = 0;
		};
		2E8FE38A2B1278B700B3DC6A /* Resources */ = {
			isa = PBXResourcesBuildPhase;
			buildActionMask = 2147483647;
			files = (
				2EE0C7CB2B12D6EE000D3BF6 /* GymQueries.graphql in Resources */,
				2EB090B52B131CA80039EB3B /* Montserrat-Medium.ttf in Resources */,
				2EB090B72B131CA80039EB3B /* Montserrat-Regular.ttf in Resources */,
				2E2748CD2BCD4C300023882E /* UserMutations.graphql in Resources */,
				2EB090B62B131CA80039EB3B /* Montserrat-Bold.ttf in Resources */,
				2EB090B82B131CA80039EB3B /* Montserrat-Light.ttf in Resources */,
				2E8FE3992B1278B900B3DC6A /* Preview Assets.xcassets in Resources */,
				2E3838412BB7536700AE15DC /* PrivacyInfo.xcprivacy in Resources */,
				2EB090B92B131CA80039EB3B /* Montserrat-SemiBold.ttf in Resources */,
				2EB090B42B131CA40039EB3B /* BebasNeue-Regular.ttf in Resources */,
				2E45B2422B4E5CE100FB83B7 /* GoogleService-Info.plist in Resources */,
				29DC9ABA2DB96C3C0088DC24 /* CapacityReminderMutations.graphql in Resources */,
				2E39D8312B3BEE5900AD238B /* LaunchScreen.storyboard in Resources */,
				2E8FE3962B1278B900B3DC6A /* Assets.xcassets in Resources */,
			);
			runOnlyForDeploymentPostprocessing = 0;
		};
/* End PBXResourcesBuildPhase section */

/* Begin PBXShellScriptBuildPhase section */
		2E45B2432B4E655D00FB83B7 /* Crashlytics */ = {
			isa = PBXShellScriptBuildPhase;
			alwaysOutOfDate = 1;
			buildActionMask = 2147483647;
			files = (
			);
			inputFileListPaths = (
			);
			inputPaths = (
				"${DWARF_DSYM_FOLDER_PATH}/${DWARF_DSYM_FILE_NAME}",
				"${DWARF_DSYM_FOLDER_PATH}/${DWARF_DSYM_FILE_NAME}/Contents/Resources/DWARF/${PRODUCT_NAME}",
				"${DWARF_DSYM_FOLDER_PATH}/${DWARF_DSYM_FILE_NAME}/Contents/Info.plist",
				"$(TARGET_BUILD_DIR)/$(UNLOCALIZED_RESOURCES_FOLDER_PATH)/GoogleService-Info.plist",
				"$(TARGET_BUILD_DIR)/$(EXECUTABLE_PATH)",
			);
			name = Crashlytics;
			outputFileListPaths = (
			);
			outputPaths = (
			);
			runOnlyForDeploymentPostprocessing = 0;
			shellPath = /bin/sh;
			shellScript = "\"${BUILD_DIR%/Build/*}/SourcePackages/checkouts/firebase-ios-sdk/Crashlytics/run\"\n";
		};
		2EF1A2542B1299FB007A299F /* SwiftLint */ = {
			isa = PBXShellScriptBuildPhase;
			alwaysOutOfDate = 1;
			buildActionMask = 2147483647;
			files = (
			);
			inputFileListPaths = (
			);
			inputPaths = (
			);
			name = SwiftLint;
			outputFileListPaths = (
			);
			outputPaths = (
			);
			runOnlyForDeploymentPostprocessing = 0;
			shellPath = /bin/sh;
			shellScript = "if [[ \"$(uname -m)\" == arm64 ]]; then\n    export PATH=\"/opt/homebrew/bin:$PATH\"\nfi\n\nif which swiftlint >/dev/null; then\n    swiftlint --fix && swiftlint\nelse\n    echo \"ERROR: SwiftLint not installed\"\n    exit 1\nfi\n";
		};
/* End PBXShellScriptBuildPhase section */

/* Begin PBXSourcesBuildPhase section */
		2E15F4E72B39255B00414BEC /* Sources */ = {
			isa = PBXSourcesBuildPhase;
			buildActionMask = 2147483647;
			files = (
				2E15F4EE2B39255B00414BEC /* UpliftTests.swift in Sources */,
			);
			runOnlyForDeploymentPostprocessing = 0;
		};
		2E8FE3882B1278B700B3DC6A /* Sources */ = {
			isa = PBXSourcesBuildPhase;
			buildActionMask = 2147483647;
			files = (
				896500DC2BB4D33500D822AB /* ClassDetailView.swift in Sources */,
				2EF1A2582B129EEB007A299F /* Network.swift in Sources */,
				6329A4462C964D0800D30A2F /* SignInView.swift in Sources */,
				2E39D81C2B3B5F3700AD238B /* NavBackButton.swift in Sources */,
				2E15F4E02B39143700414BEC /* Gym.swift in Sources */,
				2E39D8242B3B66FD00AD238B /* FitnessCenterViewModel.swift in Sources */,
				2E6785C42B3A780600DD3ADA /* DayOfWeek.swift in Sources */,
				2E6785BE2B3A513000DD3ADA /* SemiCircleShape.swift in Sources */,
				2E15F4FB2B39573C00414BEC /* Double+Extension.swift in Sources */,
				29055F802E7E3E6E00E9A730 /* UnsavedChangesModal.swift in Sources */,
				2E39D8162B3B3AD600AD238B /* ScaleButtonStyle.swift in Sources */,
				2E6785B92B3A425E00DD3ADA /* GymDetailView.swift in Sources */,
				893AD9152D59569600C0817B /* MuscleCategoryView.swift in Sources */,
				89C8658D2BB4779C00758337 /* ClassCell.swift in Sources */,
				298EBA502E8E5335000441BA /* CustomLoadingView.swift in Sources */,
				291433852D87387B00F913D5 /* UserProfile.swift in Sources */,
				294CC21D2D7E34D300EF6487 /* WeeklyWorkoutTrackerView.swift in Sources */,
				2E1105BF2B13B0E100119F5B /* HomeViewModel.swift in Sources */,
				893AD9172D595DC800C0817B /* MuscleGroupView.swift in Sources */,
				89E4FAAA2CEFEC3C00A952B1 /* CapacitySemiCircleView.swift in Sources */,
				89599A4E2BD4B39B00DA44DE /* FitnessClass.swift in Sources */,
				2E15F5122B3A3D0000414BEC /* TriangleShape.swift in Sources */,
				2E8FE3922B1278B700B3DC6A /* HomeView.swift in Sources */,
				2E6785C02B3A5CA300DD3ADA /* Haptics.swift in Sources */,
				89950D8A2B992E8400DFB007 /* ClassesView.swift in Sources */,
				296A2DAE2D7A805300EF042F /* ProfileViewModel.swift in Sources */,
				2E15F50C2B3A0B2100414BEC /* CapacityCircleView.swift in Sources */,
				2E090EC52B12EF2600BAE982 /* Publishers.swift in Sources */,
				2E39D8222B3B631200AD238B /* DividerLine.swift in Sources */,
				2E15F5062B39F81B00414BEC /* MainView.swift in Sources */,
				893AD9132D59468000C0817B /* DropDownArrow.swift in Sources */,
				298EBA4E2E8E504A000441BA /* GymIdentifier.swift in Sources */,
				89E4FAAC2CF28E7500A952B1 /* HourlyAverageCapacity.swift in Sources */,
				8996FEE02BDF351800F13C67 /* NextSessionCell.swift in Sources */,
				6329A4482CA0F89D00D30A2F /* CreateProfileView.swift in Sources */,
				2E39D82A2B3B9F3D00AD238B /* FacilityExpandedView.swift in Sources */,
				2EB161C92BBC9C3100493B71 /* StretchyModifier.swift in Sources */,
				6329A44A2CA0FE8A00D30A2F /* CheckBoxView.swift in Sources */,
				2E39D82C2B3BB35000AD238B /* FacilityExpandedViewModel.swift in Sources */,
				2E3D6C202B1285D200B51BB2 /* UpliftEnvironment.swift in Sources */,
				2E2748CF2BCD4D1F0023882E /* MainViewModel.swift in Sources */,
				2E5726C72B4A63AE00D3DB36 /* ShimmerModifier.swift in Sources */,
				2E15F5022B396EC500414BEC /* ShadowModifier.swift in Sources */,
				291433872D87388C00F913D5 /* WeeklyWorkoutData.swift in Sources */,
				2E15F4DA2B39102A00414BEC /* Capacity.swift in Sources */,
				2ED53DCF2B3E06DC00FBDEAB /* Logger.swift in Sources */,
				2E15F4E62B391E5300414BEC /* Array+Extension.swift in Sources */,
				2E45B2472B4F643500FB83B7 /* AnalyticsManager.swift in Sources */,
				63A7ABCF2B8C119A008D58FB /* Equipment.swift in Sources */,
				29055FC62E849E2A00E9A730 /* LoadingModifier.swift in Sources */,
				2E39D8202B3B623B00AD238B /* FitnessCenterView.swift in Sources */,
				897703662BA2028D00F9992F /* ClassesViewModel.swift in Sources */,
				2E1105C22B13D15100119F5B /* HomeGymCell.swift in Sources */,
				2E15F4F92B3950F800414BEC /* Date+Extension.swift in Sources */,
				293032572D7A8F64002E5484 /* WorkoutProgressArc.swift in Sources */,
				2E8FE3902B1278B700B3DC6A /* UpliftApp.swift in Sources */,
				2EE5F3C82B12E094008E0299 /* ApolloClientProtocol.swift in Sources */,
				2E39D8262B3B6C6500AD238B /* SlidingTabBarView.swift in Sources */,
				899B186D2CA5FAFB00FAC061 /* ProfileView.swift in Sources */,
				89599A502BD4B4B600DA44DE /* FitnessClassInstance.swift in Sources */,
				2E1105C42B13D1B000119F5B /* DummyData.swift in Sources */,
				2E15F4E22B3917B200414BEC /* Status.swift in Sources */,
				2E3DC2432BCD2F1D0063B369 /* GiveawayModal.swift in Sources */,
				2E15F5042B39E54700414BEC /* LocationManager.swift in Sources */,
				89A652F92D02B00000277A16 /* CapacityRemindersView.swift in Sources */,
				89A652FA2D02B00000277A16 /* RemindersView.swift in Sources */,
				298EBA4A2E8DD244000441BA /* ModalModifier.swift in Sources */,
				2E39D81E2B3B610200AD238B /* UINavigationController+Extension.swift in Sources */,
				291433892D8738A400F913D5 /* WorkoutHistory.swift in Sources */,
				63001AD62CC9ACFF0082AFFA /* LoginViewModel.swift in Sources */,
				2E15F4DC2B39117300414BEC /* OpenHours.swift in Sources */,
				2E090ED62B13121600BAE982 /* Constants.swift in Sources */,
				89C34AA12CA66E9C00C579A5 /* CapacityRemindersViewModel.swift in Sources */,
				2E39D8282B3B726D00AD238B /* GymTabType.swift in Sources */,
				2E2748CB2BCD37810023882E /* GiveawayPopup.swift in Sources */,
				2E15F4DE2B3912C700414BEC /* Facility.swift in Sources */,
				2E6785C22B3A5CE000DD3ADA /* GymDetailViewModel.swift in Sources */,
			);
			runOnlyForDeploymentPostprocessing = 0;
		};
/* End PBXSourcesBuildPhase section */

/* Begin PBXTargetDependency section */
		2E15F4F02B39255B00414BEC /* PBXTargetDependency */ = {
			isa = PBXTargetDependency;
			target = 2E8FE38B2B1278B700B3DC6A /* Uplift */;
			targetProxy = 2E15F4EF2B39255B00414BEC /* PBXContainerItemProxy */;
		};
/* End PBXTargetDependency section */

/* Begin XCBuildConfiguration section */
		2E15F4F22B39255B00414BEC /* Debug */ = {
			isa = XCBuildConfiguration;
			buildSettings = {
				BUNDLE_LOADER = "$(TEST_HOST)";
				CODE_SIGN_STYLE = Automatic;
				CURRENT_PROJECT_VERSION = 1;
				DEVELOPMENT_TEAM = ZGMCXU7X3U;
				ENABLE_USER_SCRIPT_SANDBOXING = YES;
				GENERATE_INFOPLIST_FILE = YES;
				IPHONEOS_DEPLOYMENT_TARGET = 17.0;
				MARKETING_VERSION = 1.0;
				PRODUCT_BUNDLE_IDENTIFIER = com.appdev.UpliftTests;
				PRODUCT_NAME = "$(TARGET_NAME)";
				SWIFT_EMIT_LOC_STRINGS = NO;
				SWIFT_VERSION = 5.0;
				TARGETED_DEVICE_FAMILY = "1,2";
				TEST_HOST = "$(BUILT_PRODUCTS_DIR)/Uplift.app/$(BUNDLE_EXECUTABLE_FOLDER_PATH)/Uplift";
			};
			name = Debug;
		};
		2E15F4F32B39255B00414BEC /* Release */ = {
			isa = XCBuildConfiguration;
			buildSettings = {
				BUNDLE_LOADER = "$(TEST_HOST)";
				CODE_SIGN_STYLE = Automatic;
				CURRENT_PROJECT_VERSION = 1;
				DEVELOPMENT_TEAM = ZGMCXU7X3U;
				ENABLE_USER_SCRIPT_SANDBOXING = YES;
				GENERATE_INFOPLIST_FILE = YES;
				IPHONEOS_DEPLOYMENT_TARGET = 17.0;
				MARKETING_VERSION = 1.0;
				PRODUCT_BUNDLE_IDENTIFIER = com.appdev.UpliftTests;
				PRODUCT_NAME = "$(TARGET_NAME)";
				SWIFT_EMIT_LOC_STRINGS = NO;
				SWIFT_VERSION = 5.0;
				TARGETED_DEVICE_FAMILY = "1,2";
				TEST_HOST = "$(BUILT_PRODUCTS_DIR)/Uplift.app/$(BUNDLE_EXECUTABLE_FOLDER_PATH)/Uplift";
			};
			name = Release;
		};
		2E8FE39A2B1278B900B3DC6A /* Debug */ = {
			isa = XCBuildConfiguration;
			baseConfigurationReference = 2E3D6C1C2B12809900B51BB2 /* Keys.xcconfig */;
			buildSettings = {
				ALWAYS_SEARCH_USER_PATHS = NO;
				ASSETCATALOG_COMPILER_GENERATE_SWIFT_ASSET_SYMBOL_EXTENSIONS = YES;
				CLANG_ANALYZER_NONNULL = YES;
				CLANG_ANALYZER_NUMBER_OBJECT_CONVERSION = YES_AGGRESSIVE;
				CLANG_CXX_LANGUAGE_STANDARD = "gnu++20";
				CLANG_ENABLE_MODULES = YES;
				CLANG_ENABLE_OBJC_ARC = YES;
				CLANG_ENABLE_OBJC_WEAK = YES;
				CLANG_WARN_BLOCK_CAPTURE_AUTORELEASING = YES;
				CLANG_WARN_BOOL_CONVERSION = YES;
				CLANG_WARN_COMMA = YES;
				CLANG_WARN_CONSTANT_CONVERSION = YES;
				CLANG_WARN_DEPRECATED_OBJC_IMPLEMENTATIONS = YES;
				CLANG_WARN_DIRECT_OBJC_ISA_USAGE = YES_ERROR;
				CLANG_WARN_DOCUMENTATION_COMMENTS = YES;
				CLANG_WARN_EMPTY_BODY = YES;
				CLANG_WARN_ENUM_CONVERSION = YES;
				CLANG_WARN_INFINITE_RECURSION = YES;
				CLANG_WARN_INT_CONVERSION = YES;
				CLANG_WARN_NON_LITERAL_NULL_CONVERSION = YES;
				CLANG_WARN_OBJC_IMPLICIT_RETAIN_SELF = YES;
				CLANG_WARN_OBJC_LITERAL_CONVERSION = YES;
				CLANG_WARN_OBJC_ROOT_CLASS = YES_ERROR;
				CLANG_WARN_QUOTED_INCLUDE_IN_FRAMEWORK_HEADER = YES;
				CLANG_WARN_RANGE_LOOP_ANALYSIS = YES;
				CLANG_WARN_STRICT_PROTOTYPES = YES;
				CLANG_WARN_SUSPICIOUS_MOVE = YES;
				CLANG_WARN_UNGUARDED_AVAILABILITY = YES_AGGRESSIVE;
				CLANG_WARN_UNREACHABLE_CODE = YES;
				CLANG_WARN__DUPLICATE_METHOD_MATCH = YES;
				COPY_PHASE_STRIP = NO;
				DEBUG_INFORMATION_FORMAT = dwarf;
				ENABLE_STRICT_OBJC_MSGSEND = YES;
				ENABLE_TESTABILITY = YES;
				ENABLE_USER_SCRIPT_SANDBOXING = NO;
				GCC_C_LANGUAGE_STANDARD = gnu17;
				GCC_DYNAMIC_NO_PIC = NO;
				GCC_NO_COMMON_BLOCKS = YES;
				GCC_OPTIMIZATION_LEVEL = 0;
				GCC_PREPROCESSOR_DEFINITIONS = (
					"DEBUG=1",
					"$(inherited)",
				);
				GCC_WARN_64_TO_32_BIT_CONVERSION = YES;
				GCC_WARN_ABOUT_RETURN_TYPE = YES_ERROR;
				GCC_WARN_UNDECLARED_SELECTOR = YES;
				GCC_WARN_UNINITIALIZED_AUTOS = YES_AGGRESSIVE;
				GCC_WARN_UNUSED_FUNCTION = YES;
				GCC_WARN_UNUSED_VARIABLE = YES;
				IPHONEOS_DEPLOYMENT_TARGET = 16.0;
				LOCALIZATION_PREFERS_STRING_CATALOGS = YES;
				MTL_ENABLE_DEBUG_INFO = INCLUDE_SOURCE;
				MTL_FAST_MATH = YES;
				ONLY_ACTIVE_ARCH = YES;
				SDKROOT = iphoneos;
				SWIFT_ACTIVE_COMPILATION_CONDITIONS = "DEBUG $(inherited)";
				SWIFT_OPTIMIZATION_LEVEL = "-Onone";
			};
			name = Debug;
		};
		2E8FE39B2B1278B900B3DC6A /* Release */ = {
			isa = XCBuildConfiguration;
			baseConfigurationReference = 2E3D6C1C2B12809900B51BB2 /* Keys.xcconfig */;
			buildSettings = {
				ALWAYS_SEARCH_USER_PATHS = NO;
				ASSETCATALOG_COMPILER_GENERATE_SWIFT_ASSET_SYMBOL_EXTENSIONS = YES;
				CLANG_ANALYZER_NONNULL = YES;
				CLANG_ANALYZER_NUMBER_OBJECT_CONVERSION = YES_AGGRESSIVE;
				CLANG_CXX_LANGUAGE_STANDARD = "gnu++20";
				CLANG_ENABLE_MODULES = YES;
				CLANG_ENABLE_OBJC_ARC = YES;
				CLANG_ENABLE_OBJC_WEAK = YES;
				CLANG_WARN_BLOCK_CAPTURE_AUTORELEASING = YES;
				CLANG_WARN_BOOL_CONVERSION = YES;
				CLANG_WARN_COMMA = YES;
				CLANG_WARN_CONSTANT_CONVERSION = YES;
				CLANG_WARN_DEPRECATED_OBJC_IMPLEMENTATIONS = YES;
				CLANG_WARN_DIRECT_OBJC_ISA_USAGE = YES_ERROR;
				CLANG_WARN_DOCUMENTATION_COMMENTS = YES;
				CLANG_WARN_EMPTY_BODY = YES;
				CLANG_WARN_ENUM_CONVERSION = YES;
				CLANG_WARN_INFINITE_RECURSION = YES;
				CLANG_WARN_INT_CONVERSION = YES;
				CLANG_WARN_NON_LITERAL_NULL_CONVERSION = YES;
				CLANG_WARN_OBJC_IMPLICIT_RETAIN_SELF = YES;
				CLANG_WARN_OBJC_LITERAL_CONVERSION = YES;
				CLANG_WARN_OBJC_ROOT_CLASS = YES_ERROR;
				CLANG_WARN_QUOTED_INCLUDE_IN_FRAMEWORK_HEADER = YES;
				CLANG_WARN_RANGE_LOOP_ANALYSIS = YES;
				CLANG_WARN_STRICT_PROTOTYPES = YES;
				CLANG_WARN_SUSPICIOUS_MOVE = YES;
				CLANG_WARN_UNGUARDED_AVAILABILITY = YES_AGGRESSIVE;
				CLANG_WARN_UNREACHABLE_CODE = YES;
				CLANG_WARN__DUPLICATE_METHOD_MATCH = YES;
				COPY_PHASE_STRIP = NO;
				DEBUG_INFORMATION_FORMAT = "dwarf-with-dsym";
				ENABLE_NS_ASSERTIONS = NO;
				ENABLE_STRICT_OBJC_MSGSEND = YES;
				ENABLE_USER_SCRIPT_SANDBOXING = NO;
				GCC_C_LANGUAGE_STANDARD = gnu17;
				GCC_NO_COMMON_BLOCKS = YES;
				GCC_WARN_64_TO_32_BIT_CONVERSION = YES;
				GCC_WARN_ABOUT_RETURN_TYPE = YES_ERROR;
				GCC_WARN_UNDECLARED_SELECTOR = YES;
				GCC_WARN_UNINITIALIZED_AUTOS = YES_AGGRESSIVE;
				GCC_WARN_UNUSED_FUNCTION = YES;
				GCC_WARN_UNUSED_VARIABLE = YES;
				IPHONEOS_DEPLOYMENT_TARGET = 16.0;
				LOCALIZATION_PREFERS_STRING_CATALOGS = YES;
				MTL_ENABLE_DEBUG_INFO = NO;
				MTL_FAST_MATH = YES;
				SDKROOT = iphoneos;
				SWIFT_COMPILATION_MODE = wholemodule;
				VALIDATE_PRODUCT = YES;
			};
			name = Release;
		};
		2E8FE39D2B1278B900B3DC6A /* Debug */ = {
			isa = XCBuildConfiguration;
			buildSettings = {
				ASSETCATALOG_COMPILER_ALTERNATE_APPICON_NAMES = "";
				ASSETCATALOG_COMPILER_APPICON_NAME = AppIcon;
				ASSETCATALOG_COMPILER_GLOBAL_ACCENT_COLOR_NAME = AccentColor;
				ASSETCATALOG_COMPILER_INCLUDE_ALL_APPICON_ASSETS = NO;
				CODE_SIGN_ENTITLEMENTS = Uplift/Uplift.entitlements;
				CODE_SIGN_IDENTITY = "Apple Development";
				CODE_SIGN_STYLE = Automatic;
				CURRENT_PROJECT_VERSION = 36;
				DEBUG_INFORMATION_FORMAT = "dwarf-with-dsym";
				DEVELOPMENT_TEAM = ZGMCXU7X3U;
				ENABLE_PREVIEWS = YES;
				GENERATE_INFOPLIST_FILE = YES;
				INFOPLIST_FILE = Uplift/Info.plist;
				INFOPLIST_KEY_CFBundleDisplayName = Uplift;
				INFOPLIST_KEY_LSApplicationCategoryType = "public.app-category.healthcare-fitness";
				INFOPLIST_KEY_NSLocationAlwaysAndWhenInUseUsageDescription = "We want to help you find your nearest gym.";
				INFOPLIST_KEY_NSLocationWhenInUseUsageDescription = "We want to help you find your nearest gym.";
				INFOPLIST_KEY_UIApplicationSceneManifest_Generation = YES;
				INFOPLIST_KEY_UIApplicationSupportsIndirectInputEvents = YES;
				INFOPLIST_KEY_UILaunchScreen_Generation = YES;
				INFOPLIST_KEY_UILaunchStoryboardName = LaunchScreen.storyboard;
				INFOPLIST_KEY_UISupportedInterfaceOrientations = "UIInterfaceOrientationPortrait UIInterfaceOrientationPortraitUpsideDown";
				INFOPLIST_KEY_UISupportedInterfaceOrientations_iPad = UIInterfaceOrientationPortrait;
				IPHONEOS_DEPLOYMENT_TARGET = 16.0;
				LD_RUNPATH_SEARCH_PATHS = (
					"$(inherited)",
					"@executable_path/Frameworks",
				);
				MARKETING_VERSION = 3.1.1;
				OTHER_LDFLAGS = "-ObjC";
				PRODUCT_BUNDLE_IDENTIFIER = com.cornellappdev.uplift.ios;
				PRODUCT_NAME = "$(TARGET_NAME)";
				PROVISIONING_PROFILE_SPECIFIER = "";
				SUPPORTED_PLATFORMS = "iphoneos iphonesimulator";
				SUPPORTS_MACCATALYST = NO;
				SUPPORTS_MAC_DESIGNED_FOR_IPHONE_IPAD = NO;
				SWIFT_EMIT_LOC_STRINGS = YES;
				SWIFT_VERSION = 5.0;
				TARGETED_DEVICE_FAMILY = 1;
			};
			name = Debug;
		};
		2E8FE39E2B1278B900B3DC6A /* Release */ = {
			isa = XCBuildConfiguration;
			buildSettings = {
				ASSETCATALOG_COMPILER_ALTERNATE_APPICON_NAMES = "";
				ASSETCATALOG_COMPILER_APPICON_NAME = AppIcon;
				ASSETCATALOG_COMPILER_GLOBAL_ACCENT_COLOR_NAME = AccentColor;
				ASSETCATALOG_COMPILER_INCLUDE_ALL_APPICON_ASSETS = NO;
				CODE_SIGN_ENTITLEMENTS = Uplift/Uplift.entitlements;
				CODE_SIGN_IDENTITY = "Apple Development";
				CODE_SIGN_STYLE = Automatic;
				CURRENT_PROJECT_VERSION = 36;
				DEVELOPMENT_TEAM = ZGMCXU7X3U;
				ENABLE_PREVIEWS = YES;
				GENERATE_INFOPLIST_FILE = YES;
				INFOPLIST_FILE = Uplift/Info.plist;
				INFOPLIST_KEY_CFBundleDisplayName = Uplift;
				INFOPLIST_KEY_LSApplicationCategoryType = "public.app-category.healthcare-fitness";
				INFOPLIST_KEY_NSLocationAlwaysAndWhenInUseUsageDescription = "We want to help you find your nearest gym.";
				INFOPLIST_KEY_NSLocationWhenInUseUsageDescription = "We want to help you find your nearest gym.";
				INFOPLIST_KEY_UIApplicationSceneManifest_Generation = YES;
				INFOPLIST_KEY_UIApplicationSupportsIndirectInputEvents = YES;
				INFOPLIST_KEY_UILaunchScreen_Generation = YES;
				INFOPLIST_KEY_UILaunchStoryboardName = LaunchScreen.storyboard;
				INFOPLIST_KEY_UISupportedInterfaceOrientations = "UIInterfaceOrientationPortrait UIInterfaceOrientationPortraitUpsideDown";
				INFOPLIST_KEY_UISupportedInterfaceOrientations_iPad = UIInterfaceOrientationPortrait;
				IPHONEOS_DEPLOYMENT_TARGET = 16.0;
				LD_RUNPATH_SEARCH_PATHS = (
					"$(inherited)",
					"@executable_path/Frameworks",
				);
				MARKETING_VERSION = 3.1.1;
				OTHER_LDFLAGS = "-ObjC";
				PRODUCT_BUNDLE_IDENTIFIER = com.cornellappdev.uplift.ios;
				PRODUCT_NAME = "$(TARGET_NAME)";
				PROVISIONING_PROFILE_SPECIFIER = "";
				SUPPORTED_PLATFORMS = "iphoneos iphonesimulator";
				SUPPORTS_MACCATALYST = NO;
				SUPPORTS_MAC_DESIGNED_FOR_IPHONE_IPAD = NO;
				SWIFT_EMIT_LOC_STRINGS = YES;
				SWIFT_VERSION = 5.0;
				TARGETED_DEVICE_FAMILY = 1;
			};
			name = Release;
		};
/* End XCBuildConfiguration section */

/* Begin XCConfigurationList section */
		2E15F4F12B39255B00414BEC /* Build configuration list for PBXNativeTarget "UpliftTests" */ = {
			isa = XCConfigurationList;
			buildConfigurations = (
				2E15F4F22B39255B00414BEC /* Debug */,
				2E15F4F32B39255B00414BEC /* Release */,
			);
			defaultConfigurationIsVisible = 0;
			defaultConfigurationName = Release;
		};
		2E8FE3872B1278B700B3DC6A /* Build configuration list for PBXProject "Uplift" */ = {
			isa = XCConfigurationList;
			buildConfigurations = (
				2E8FE39A2B1278B900B3DC6A /* Debug */,
				2E8FE39B2B1278B900B3DC6A /* Release */,
			);
			defaultConfigurationIsVisible = 0;
			defaultConfigurationName = Release;
		};
		2E8FE39C2B1278B900B3DC6A /* Build configuration list for PBXNativeTarget "Uplift" */ = {
			isa = XCConfigurationList;
			buildConfigurations = (
				2E8FE39D2B1278B900B3DC6A /* Debug */,
				2E8FE39E2B1278B900B3DC6A /* Release */,
			);
			defaultConfigurationIsVisible = 0;
			defaultConfigurationName = Release;
		};
/* End XCConfigurationList section */

/* Begin XCLocalSwiftPackageReference section */
		2CA97C8D2D8B852700EF48B3 /* XCLocalSwiftPackageReference "UpliftAPI" */ = {
			isa = XCLocalSwiftPackageReference;
			relativePath = UpliftAPI;
		};
/* End XCLocalSwiftPackageReference section */

/* Begin XCRemoteSwiftPackageReference section */
		2E45B23E2B4E361100FB83B7 /* XCRemoteSwiftPackageReference "firebase-ios-sdk" */ = {
			isa = XCRemoteSwiftPackageReference;
			repositoryURL = "https://github.com/firebase/firebase-ios-sdk";
			requirement = {
				kind = upToNextMajorVersion;
				minimumVersion = 10.19.1;
			};
		};
		2E6785BA2B3A48D700DD3ADA /* XCRemoteSwiftPackageReference "WrappingHStack" */ = {
			isa = XCRemoteSwiftPackageReference;
			repositoryURL = "https://github.com/dkk/WrappingHStack";
			requirement = {
				kind = upToNextMajorVersion;
				minimumVersion = 2.2.11;
			};
		};
		2EC3EE642B3C000E00E927BF /* XCRemoteSwiftPackageReference "Kingfisher" */ = {
			isa = XCRemoteSwiftPackageReference;
			repositoryURL = "https://github.com/onevcat/Kingfisher";
			requirement = {
				kind = upToNextMajorVersion;
				minimumVersion = 7.10.1;
			};
		};
		2EE5F3E02B12EDB6008E0299 /* XCRemoteSwiftPackageReference "apollo-ios" */ = {
			isa = XCRemoteSwiftPackageReference;
			repositoryURL = "https://github.com/apollographql/apollo-ios.git";
			requirement = {
				kind = upToNextMajorVersion;
				minimumVersion = 1.7.1;
			};
		};
		63001AD42CC9A6B20082AFFA /* XCRemoteSwiftPackageReference "GoogleSignIn-iOS" */ = {
			isa = XCRemoteSwiftPackageReference;
			repositoryURL = "https://github.com/google/GoogleSignIn-iOS";
			requirement = {
				kind = upToNextMajorVersion;
				minimumVersion = 6.0.0;
			};
		};
/* End XCRemoteSwiftPackageReference section */

/* Begin XCSwiftPackageProductDependency section */
		2CA97C8E2D8B852700EF48B3 /* UpliftAPI */ = {
			isa = XCSwiftPackageProductDependency;
			productName = UpliftAPI;
		};
		2E090ECA2B12FF5900BAE982 /* UpliftAPI */ = {
			isa = XCSwiftPackageProductDependency;
			productName = UpliftAPI;
		};
		2E15F4D72B390EBC00414BEC /* UpliftAPI */ = {
			isa = XCSwiftPackageProductDependency;
			productName = UpliftAPI;
		};
		2E2748D12BCD4EC00023882E /* UpliftAPI */ = {
			isa = XCSwiftPackageProductDependency;
			productName = UpliftAPI;
		};
		2E2932C52BA2B9B5008445CE /* UpliftAPI */ = {
			isa = XCSwiftPackageProductDependency;
			productName = UpliftAPI;
		};
		2E39D82E2B3BCBA400AD238B /* UpliftAPI */ = {
			isa = XCSwiftPackageProductDependency;
			productName = UpliftAPI;
		};
		2E45B23F2B4E361100FB83B7 /* FirebaseCrashlytics */ = {
			isa = XCSwiftPackageProductDependency;
			package = 2E45B23E2B4E361100FB83B7 /* XCRemoteSwiftPackageReference "firebase-ios-sdk" */;
			productName = FirebaseCrashlytics;
		};
		2E45B2442B4F632700FB83B7 /* FirebaseAnalytics */ = {
			isa = XCSwiftPackageProductDependency;
			package = 2E45B23E2B4E361100FB83B7 /* XCRemoteSwiftPackageReference "firebase-ios-sdk" */;
			productName = FirebaseAnalytics;
		};
		2E4F06DB2B4B48DC008905C8 /* UpliftAPI */ = {
			isa = XCSwiftPackageProductDependency;
			productName = UpliftAPI;
		};
		2E6785BB2B3A48D700DD3ADA /* WrappingHStack */ = {
			isa = XCSwiftPackageProductDependency;
			package = 2E6785BA2B3A48D700DD3ADA /* XCRemoteSwiftPackageReference "WrappingHStack" */;
			productName = WrappingHStack;
		};
		2EC3EE652B3C000E00E927BF /* Kingfisher */ = {
			isa = XCSwiftPackageProductDependency;
			package = 2EC3EE642B3C000E00E927BF /* XCRemoteSwiftPackageReference "Kingfisher" */;
			productName = Kingfisher;
		};
		2EE5F3E12B12EDB6008E0299 /* Apollo */ = {
			isa = XCSwiftPackageProductDependency;
			package = 2EE5F3E02B12EDB6008E0299 /* XCRemoteSwiftPackageReference "apollo-ios" */;
			productName = Apollo;
		};
		2EE5F3E32B12EDB6008E0299 /* ApolloAPI */ = {
			isa = XCSwiftPackageProductDependency;
			package = 2EE5F3E02B12EDB6008E0299 /* XCRemoteSwiftPackageReference "apollo-ios" */;
			productName = ApolloAPI;
		};
		63001AD72CC9AD970082AFFA /* GoogleSignIn */ = {
			isa = XCSwiftPackageProductDependency;
			package = 63001AD42CC9A6B20082AFFA /* XCRemoteSwiftPackageReference "GoogleSignIn-iOS" */;
			productName = GoogleSignIn;
		};
		63001AD92CC9AD970082AFFA /* GoogleSignInSwift */ = {
			isa = XCSwiftPackageProductDependency;
			package = 63001AD42CC9A6B20082AFFA /* XCRemoteSwiftPackageReference "GoogleSignIn-iOS" */;
			productName = GoogleSignInSwift;
		};
		6338EC5B2CE149AA000BBFD3 /* UpliftAPI */ = {
			isa = XCSwiftPackageProductDependency;
			productName = UpliftAPI;
		};
		6338EC5E2CE14B54000BBFD3 /* UpliftAPI */ = {
			isa = XCSwiftPackageProductDependency;
			productName = UpliftAPI;
		};
		636E3D402BBE1EB100B6EFFC /* UpliftAPI */ = {
			isa = XCSwiftPackageProductDependency;
			productName = UpliftAPI;
		};
		636E3D432BBE1F3800B6EFFC /* UpliftAPI */ = {
			isa = XCSwiftPackageProductDependency;
			productName = UpliftAPI;
		};
		63A7ABCC2B86B971008D58FB /* UpliftAPI */ = {
			isa = XCSwiftPackageProductDependency;
			productName = UpliftAPI;
		};
		8983A9A52CFEA077008E84DB /* UpliftAPI */ = {
			isa = XCSwiftPackageProductDependency;
			productName = UpliftAPI;
		};
		89C10D162CCB2F9E007E753F /* FirebaseMessaging */ = {
			isa = XCSwiftPackageProductDependency;
			productName = FirebaseMessaging;
		};
		89CE47412D03F3C700BCB79D /* UpliftAPI */ = {
			isa = XCSwiftPackageProductDependency;
			productName = UpliftAPI;
		};
/* End XCSwiftPackageProductDependency section */
	};
	rootObject = 2E8FE3842B1278B700B3DC6A /* Project object */;
}
